<?xml version="1.0" encoding="utf-8"?>
<Project ToolsVersion="4.0" xmlns="http://schemas.microsoft.com/developer/msbuild/2003">
  <ItemGroup>
    <ClCompile Include="03.namespace.cpp" />
  </ItemGroup>
  <ItemGroup>
    <ClInclude Include="Header1.h" />
    <ClInclude Include="Header2.h" />
  </ItemGroup>
</Project>