<?xml version="1.0" encoding="utf-8"?>
<Project ToolsVersion="4.0" xmlns="http://schemas.microsoft.com/developer/msbuild/2003">
  <ItemGroup>
    <ClCompile Include="Backj.cpp" />
    <ClCompile Include="Sol.cpp" />
  </ItemGroup>
  <ItemGroup>
    <ClInclude Include="Sol.h" />
  </ItemGroup>
</Project>