
Microsoft Visual Studio Solution File, Format Version 12.00
# Visual Studio Version 17
VisualStudioVersion = 17.8.34316.72
MinimumVisualStudioVersion = 10.0.40219.1
Project("{8BC9CEB8-8B4A-11D0-8D11-00A0C91BC942}") = "CPlusPlus", "CPlusPlus\CPlusPlus.vcxproj", "{8788D439-88F4-494F-BA22-C45355177577}"
EndProject
Project("{8BC9CEB8-8B4A-11D0-8D11-00A0C91BC942}") = "00_Leak", "00_Leak\00_Leak.vcxproj", "{83E19CC9-C401-4699-BA4E-E3506D45DDB6}"
EndProject
Project("{8BC9CEB8-8B4A-11D0-8D11-00A0C91BC942}") = "02.iostream", "02.iostream\02.iostream.vcxproj", "{1C693C9D-81FC-4E64-8D3A-67C3F5E70DBF}"
EndProject
Project("{8BC9CEB8-8B4A-11D0-8D11-00A0C91BC942}") = "03.namespace", "03.namespace\03.namespace.vcxproj", "{20AF3F74-8C2B-4E09-B527-4324092FC495}"
EndProject
Project("{8BC9CEB8-8B4A-11D0-8D11-00A0C91BC942}") = "04.C&C++", "04.C&C++\04.C&C++.vcxproj", "{C018C60D-4C3A-44BD-BE08-3983F295EC20}"
EndProject
Project("{8BC9CEB8-8B4A-11D0-8D11-00A0C91BC942}") = "05_reference", "05_reference\05_reference.vcxproj", "{682BA941-A155-4304-8056-43335BFCE366}"
EndProject
Project("{8BC9CEB8-8B4A-11D0-8D11-00A0C91BC942}") = "06_reference2", "06_reference2\06_reference2.vcxproj", "{1E6E8DC9-4E13-4957-A252-A8D0F8D529C1}"
EndProject
Project("{8BC9CEB8-8B4A-11D0-8D11-00A0C91BC942}") = "07_Heap", "07_Heap\07_Heap.vcxproj", "{DCF0A4DD-0914-477C-AED1-3F1C84B19691}"
EndProject
Project("{8BC9CEB8-8B4A-11D0-8D11-00A0C91BC942}") = "08_OOP", "08_OOP\08_OOP.vcxproj", "{3418E7B8-1A41-451D-B489-E865E1087B6A}"
EndProject
Project("{8BC9CEB8-8B4A-11D0-8D11-00A0C91BC942}") = "09_Class", "09_Class\09_Class.vcxproj", "{3EDBBBF7-AF1C-407E-BC0B-8957F34980B0}"
EndProject
Project("{8BC9CEB8-8B4A-11D0-8D11-00A0C91BC942}") = "10_Constructor", "10_Constructor\10_Constructor.vcxproj", "{A8D86638-06C3-485E-AE6C-8D115AAECE2C}"
EndProject
Project("{8BC9CEB8-8B4A-11D0-8D11-00A0C91BC942}") = "11_OverLoading", "11_OverLoading\11_OverLoading.vcxproj", "{BFAC53D5-F356-4615-8266-878256E41AC5}"
EndProject
Project("{8BC9CEB8-8B4A-11D0-8D11-00A0C91BC942}") = "12_Starcraft1", "12_Starcraft1\12_Starcraft1.vcxproj", "{0D7DE6A5-2EC7-4F9B-9BFC-9F6EB17E0E9E}"
EndProject
Project("{8BC9CEB8-8B4A-11D0-8D11-00A0C91BC942}") = "13_Starcraft2", "13_Starcraft2\13_Starcraft2.vcxproj", "{0CE80BA4-5480-4177-B8F3-8AA047A43211}"
EndProject
Project("{8BC9CEB8-8B4A-11D0-8D11-00A0C91BC942}") = "14_RefObject", "14_RefObject\14_RefObject.vcxproj", "{C780701A-C44E-4299-B406-D808CFCD20F3}"
EndProject
Project("{8BC9CEB8-8B4A-11D0-8D11-00A0C91BC942}") = "15_string_1", "15_string_1\15_string_1.vcxproj", "{411B0056-F1D3-4381-8810-9BA766C50A99}"
EndProject
Project("{8BC9CEB8-8B4A-11D0-8D11-00A0C91BC942}") = "16_mutable", "16_mutable\16_mutable.vcxproj", "{DD341F55-E215-4257-9196-A23B7B187592}"
EndProject
Project("{8BC9CEB8-8B4A-11D0-8D11-00A0C91BC942}") = "17_operatorOverloading", "17_operatorOverloading\17_operatorOverloading.vcxproj", "{90FB8EA3-8A19-45FC-BDA5-F9F540559805}"
EndProject
Project("{8BC9CEB8-8B4A-11D0-8D11-00A0C91BC942}") = "18_friend", "18_friend\18_friend.vcxproj", "{5D7D1150-C2F0-4E18-8DDD-13EF6E09B5D1}"
EndProject
Project("{8BC9CEB8-8B4A-11D0-8D11-00A0C91BC942}") = "19_WrapperClass", "19_WrapperClass\19_WrapperClass.vcxproj", "{0388E1D6-F0A4-4421-94D6-013DBDB94E76}"
EndProject
Project("{8BC9CEB8-8B4A-11D0-8D11-00A0C91BC942}") = "20_operator++", "20_operator++\20_operator++.vcxproj", "{E9B6A554-B78F-41DC-A55E-0901CAA44C49}"
EndProject
Project("{2150E333-8FDC-42A3-9474-1A3956D46DE8}") = "Modu", "Modu", "{54FBC83B-5E6D-40DB-A3E6-C9F4A2F7590A}"
EndProject
Project("{2150E333-8FDC-42A3-9474-1A3956D46DE8}") = "Code 1~10", "Code 1~10", "{52A5EB47-506A-4A58-8DF0-B4DB0E6C5177}"
EndProject
Project("{2150E333-8FDC-42A3-9474-1A3956D46DE8}") = "Code 11~20", "Code 11~20", "{1690E9E9-E5FA-488E-96CB-412E26510B3B}"
EndProject
Project("{8BC9CEB8-8B4A-11D0-8D11-00A0C91BC942}") = "51_Unordered_Set", "51_Unordered_Set\51_Unordered_Set.vcxproj", "{9FE29CC8-D55A-4063-B578-4D6F52026AA4}"
EndProject
Project("{8BC9CEB8-8B4A-11D0-8D11-00A0C91BC942}") = "52_Algorithm", "52_Algorithm\52_Algorithm.vcxproj", "{47C1DDF5-F1CE-4191-9D35-A44FF261C925}"
EndProject
Project("{8BC9CEB8-8B4A-11D0-8D11-00A0C91BC942}") = "53_Remove", "53_Remove\53_Remove.vcxproj", "{94140B0E-C13D-4F5F-81B3-F9C3A43D35BE}"
EndProject
Project("{8BC9CEB8-8B4A-11D0-8D11-00A0C91BC942}") = "54_Ramda", "54_Ramda\54_Ramda.vcxproj", "{9257795D-911B-4732-A307-BE4CE6FB9B36}"
EndProject
Project("{8BC9CEB8-8B4A-11D0-8D11-00A0C91BC942}") = "55_Transform", "55_Transform\55_Transform.vcxproj", "{73AC9DB1-06A8-45B4-BF6C-024302C07962}"
EndProject
Project("{8BC9CEB8-8B4A-11D0-8D11-00A0C91BC942}") = "56_find&all_of", "55_Find\55_Find.vcxproj", "{BB24F417-3CD7-4060-AC7D-2369ADCC0A73}"
EndProject
Project("{2150E333-8FDC-42A3-9474-1A3956D46DE8}") = "Code 21~30", "Code 21~30", "{52752037-3C4F-4D39-9CDE-FF66FD3304B1}"
EndProject
Project("{2150E333-8FDC-42A3-9474-1A3956D46DE8}") = "Code 31~40", "Code 31~40", "{45D45C9F-0C1E-49F8-99C3-79B326DC6589}"
EndProject
Project("{8BC9CEB8-8B4A-11D0-8D11-00A0C91BC942}") = "21_cast", "21_static_cast\21_static_cast.vcxproj", "{681C9C75-ABAB-4E90-BF4F-8539DE9AAACF}"
EndProject
Project("{8BC9CEB8-8B4A-11D0-8D11-00A0C91BC942}") = "22_NDemensionArray", "22_NDemensionArray\22_NDemensionArray.vcxproj", "{FC1EDF5B-8319-4F2D-A4FE-564D68804145}"
EndProject
Project("{8BC9CEB8-8B4A-11D0-8D11-00A0C91BC942}") = "24_Inheritance", "24_Inheritance\24_Inheritance.vcxproj", "{57EDF5F3-AE55-4044-987E-905038A491B7}"
EndProject
Project("{8BC9CEB8-8B4A-11D0-8D11-00A0C91BC942}") = "25_Polymorphism", "25_Polymorphism\25_Polymorphism.vcxproj", "{2B85E2BF-FDF1-437E-8195-78E721255685}"
EndProject
Project("{8BC9CEB8-8B4A-11D0-8D11-00A0C91BC942}") = "26_Virtual", "26_Virtual\26_Virtual.vcxproj", "{9C9CABD6-590A-488E-A582-A4314F90D8C9}"
EndProject
Project("{8BC9CEB8-8B4A-11D0-8D11-00A0C91BC942}") = "27_Override", "27_Override\27_Override.vcxproj", "{D7724AD5-2F5A-437A-B7EF-E0DEA75D9D68}"
EndProject
Project("{8BC9CEB8-8B4A-11D0-8D11-00A0C91BC942}") = "28_VirtualTable", "28_VirtualTable\28_VirtualTable.vcxproj", "{862EB5BC-ED17-4F7A-8894-BBFCA5DAD8F5}"
EndProject
Project("{8BC9CEB8-8B4A-11D0-8D11-00A0C91BC942}") = "29_PureVirtual", "29_PureVirtual\29_PureVirtual.vcxproj", "{0AF0D738-8070-4197-BEA8-8DC23FCA5292}"
EndProject
Project("{8BC9CEB8-8B4A-11D0-8D11-00A0C91BC942}") = "30_MultipleInheritance", "30_MultipleInheritance\30_MultipleInheritance.vcxproj", "{ECA96E85-6EBB-43F7-8FAC-8BCC99F2F4F9}"
EndProject
Project("{8BC9CEB8-8B4A-11D0-8D11-00A0C91BC942}") = "31_Iostream", "31_Iostream\31_Iostream.vcxproj", "{FD62F424-EC93-4A5A-BDC7-1973C480FAAF}"
EndProject
Project("{8BC9CEB8-8B4A-11D0-8D11-00A0C91BC942}") = "32_fstream", "32_fstream\32_fstream.vcxproj", "{FD137346-9DCC-4458-8E4C-26EAEDBE0E5A}"
EndProject
Project("{8BC9CEB8-8B4A-11D0-8D11-00A0C91BC942}") = "33_ofstream", "33_ofstream\33_ofstream.vcxproj", "{DA85DEF5-B3AC-4615-81B9-942ADF96CC69}"
EndProject
Project("{8BC9CEB8-8B4A-11D0-8D11-00A0C91BC942}") = "34_Excel", "34_Excel\34_Excel.vcxproj", "{2ACC93D1-2810-429B-AC04-E52CADB0D515}"
EndProject
Project("{8BC9CEB8-8B4A-11D0-8D11-00A0C91BC942}") = "35_Template", "35_Template\35_Template.vcxproj", "{E1E0A2F4-F1D7-4F5A-9CFF-8D7AA97EDC3C}"
EndProject
Project("{8BC9CEB8-8B4A-11D0-8D11-00A0C91BC942}") = "36_TemplateSpecialization", "36_TemplateSpecialization\36_TemplateSpecialization.vcxproj", "{791919D2-2F5C-4BF5-AD43-1754C40471DA}"
EndProject
Project("{8BC9CEB8-8B4A-11D0-8D11-00A0C91BC942}") = "37_TemplateFunction", "37_TemplateFunction\37_TemplateFunction.vcxproj", "{F62B04ED-6253-46B1-B474-F741D0E1007F}"
EndProject
Project("{8BC9CEB8-8B4A-11D0-8D11-00A0C91BC942}") = "38_TemplateNonTypeTemplateArg", "38_TemplateNonTypeTemplateArg\38_TemplateNonTypeTemplateArg.vcxproj", "{38B3409D-7671-4C7F-A38E-0291FEA58676}"
EndProject
Project("{8BC9CEB8-8B4A-11D0-8D11-00A0C91BC942}") = "39_DefaultTemplateArg", "39_DefaultTemplateArg\39_DefaultTemplateArg.vcxproj", "{A82323E0-689B-40FD-AE00-240869D5B36F}"
EndProject
Project("{8BC9CEB8-8B4A-11D0-8D11-00A0C91BC942}") = "40_VariadicTemplate", "40_VariadicTemplate\40_VariadicTemplate.vcxproj", "{CFE2F8F7-3CB5-4DF4-A876-4794F324E39A}"
EndProject
Project("{2150E333-8FDC-42A3-9474-1A3956D46DE8}") = "Doc", "Doc", "{6C93FE0F-429D-4E20-811F-8921840CD442}"
	ProjectSection(SolutionItems) = preProject
		Light.txt = Light.txt
	EndProjectSection
EndProject
Project("{2150E333-8FDC-42A3-9474-1A3956D46DE8}") = "Shader이론", "Shader이론", "{A2344C35-4686-4F48-8FB9-FDFE90851329}"
	ProjectSection(SolutionItems) = preProject
		Compute&SturcteredBuffer.txt = Compute&SturcteredBuffer.txt
		GeoMetryShader.txt = GeoMetryShader.txt
		Mesh.txt = Mesh.txt
		Shader이론.txt = Shader이론.txt
	EndProjectSection
EndProject
Project("{2150E333-8FDC-42A3-9474-1A3956D46DE8}") = "운영체제", "운영체제", "{17C7BF6F-50C5-446A-80EA-821B3A1A1FE2}"
	ProjectSection(SolutionItems) = preProject
		10. 명령어 병렬처리 기법 = 10. 명령어 병렬처리 기법
		11. CISC&RISC.txt = 11. CISC&RISC.txt
		12. RAM 특성 및 종류 = 12. RAM 특성 및 종류
		5. C언어 컴파일 과정 = 5. C언어 컴파일 과정
		6. ALU와 제어장치 = 6. ALU와 제어장치
		7. 레지스터 = 7. 레지스터
		8. 명령어 사이클 & 인터럽트 = 8. 명령어 사이클 & 인터럽트
		9. 빠른 CPU를 위한 설계 기법 = 9. 빠른 CPU를 위한 설계 기법
		문자를 표현하는방법.txt = 문자를 표현하는방법.txt
		소스코드 & 명령어.txt = 소스코드 & 명령어.txt
		숫자를 표현하는방법.txt = 숫자를 표현하는방법.txt
		쓰레드기초.txt = 쓰레드기초.txt
		컴퓨터 구조.txt = 컴퓨터 구조.txt
	EndProjectSection
EndProject
Project("{8BC9CEB8-8B4A-11D0-8D11-00A0C91BC942}") = "57_String", "57_String\57_String.vcxproj", "{604E97EF-9AF3-4490-96E0-9870D726A26D}"
EndProject
Project("{8BC9CEB8-8B4A-11D0-8D11-00A0C91BC942}") = "58_String_view", "58_String_view\58_String_view.vcxproj", "{9A87A7AA-C5DD-4A01-B48A-0E2A4FA30CD8}"
EndProject
Project("{2150E333-8FDC-42A3-9474-1A3956D46DE8}") = "3D이론", "3D이론", "{F0EA990F-E1C1-4848-871B-02B8262979A8}"
	ProjectSection(SolutionItems) = preProject
		emplaceback.txt = emplaceback.txt
		Thread.txt = Thread.txt
		빛.txt = 빛.txt
	EndProjectSection
EndProject
Project("{2150E333-8FDC-42A3-9474-1A3956D46DE8}") = "CSV", "CSV", "{5F14C20F-E4A9-45F9-95C8-CA23A320FCC3}"
	ProjectSection(SolutionItems) = preProject
		CSV 로드 이론.txt = CSV 로드 이론.txt
	EndProjectSection
EndProject
Project("{8BC9CEB8-8B4A-11D0-8D11-00A0C91BC942}") = "59_Throw", "59_Throw\59_Throw.vcxproj", "{F8A6AC84-812D-468A-9ED7-057DCA955E0B}"
EndProject
Global
	GlobalSection(SolutionConfigurationPlatforms) = preSolution
		Debug|x64 = Debug|x64
		Debug|x86 = Debug|x86
		Release|x64 = Release|x64
		Release|x86 = Release|x86
	EndGlobalSection
	GlobalSection(ProjectConfigurationPlatforms) = postSolution
		{8788D439-88F4-494F-BA22-C45355177577}.Debug|x64.ActiveCfg = Debug|x64
		{8788D439-88F4-494F-BA22-C45355177577}.Debug|x64.Build.0 = Debug|x64
		{8788D439-88F4-494F-BA22-C45355177577}.Debug|x86.ActiveCfg = Debug|Win32
		{8788D439-88F4-494F-BA22-C45355177577}.Debug|x86.Build.0 = Debug|Win32
		{8788D439-88F4-494F-BA22-C45355177577}.Release|x64.ActiveCfg = Release|x64
		{8788D439-88F4-494F-BA22-C45355177577}.Release|x64.Build.0 = Release|x64
		{8788D439-88F4-494F-BA22-C45355177577}.Release|x86.ActiveCfg = Release|Win32
		{8788D439-88F4-494F-BA22-C45355177577}.Release|x86.Build.0 = Release|Win32
		{83E19CC9-C401-4699-BA4E-E3506D45DDB6}.Debug|x64.ActiveCfg = Debug|x64
		{83E19CC9-C401-4699-BA4E-E3506D45DDB6}.Debug|x64.Build.0 = Debug|x64
		{83E19CC9-C401-4699-BA4E-E3506D45DDB6}.Debug|x86.ActiveCfg = Debug|Win32
		{83E19CC9-C401-4699-BA4E-E3506D45DDB6}.Debug|x86.Build.0 = Debug|Win32
		{83E19CC9-C401-4699-BA4E-E3506D45DDB6}.Release|x64.ActiveCfg = Release|x64
		{83E19CC9-C401-4699-BA4E-E3506D45DDB6}.Release|x64.Build.0 = Release|x64
		{83E19CC9-C401-4699-BA4E-E3506D45DDB6}.Release|x86.ActiveCfg = Release|Win32
		{83E19CC9-C401-4699-BA4E-E3506D45DDB6}.Release|x86.Build.0 = Release|Win32
		{1C693C9D-81FC-4E64-8D3A-67C3F5E70DBF}.Debug|x64.ActiveCfg = Debug|x64
		{1C693C9D-81FC-4E64-8D3A-67C3F5E70DBF}.Debug|x64.Build.0 = Debug|x64
		{1C693C9D-81FC-4E64-8D3A-67C3F5E70DBF}.Debug|x86.ActiveCfg = Debug|Win32
		{1C693C9D-81FC-4E64-8D3A-67C3F5E70DBF}.Debug|x86.Build.0 = Debug|Win32
		{1C693C9D-81FC-4E64-8D3A-67C3F5E70DBF}.Release|x64.ActiveCfg = Release|x64
		{1C693C9D-81FC-4E64-8D3A-67C3F5E70DBF}.Release|x64.Build.0 = Release|x64
		{1C693C9D-81FC-4E64-8D3A-67C3F5E70DBF}.Release|x86.ActiveCfg = Release|Win32
		{1C693C9D-81FC-4E64-8D3A-67C3F5E70DBF}.Release|x86.Build.0 = Release|Win32
		{20AF3F74-8C2B-4E09-B527-4324092FC495}.Debug|x64.ActiveCfg = Debug|x64
		{20AF3F74-8C2B-4E09-B527-4324092FC495}.Debug|x64.Build.0 = Debug|x64
		{20AF3F74-8C2B-4E09-B527-4324092FC495}.Debug|x86.ActiveCfg = Debug|Win32
		{20AF3F74-8C2B-4E09-B527-4324092FC495}.Debug|x86.Build.0 = Debug|Win32
		{20AF3F74-8C2B-4E09-B527-4324092FC495}.Release|x64.ActiveCfg = Release|x64
		{20AF3F74-8C2B-4E09-B527-4324092FC495}.Release|x64.Build.0 = Release|x64
		{20AF3F74-8C2B-4E09-B527-4324092FC495}.Release|x86.ActiveCfg = Release|Win32
		{20AF3F74-8C2B-4E09-B527-4324092FC495}.Release|x86.Build.0 = Release|Win32
		{C018C60D-4C3A-44BD-BE08-3983F295EC20}.Debug|x64.ActiveCfg = Debug|x64
		{C018C60D-4C3A-44BD-BE08-3983F295EC20}.Debug|x64.Build.0 = Debug|x64
		{C018C60D-4C3A-44BD-BE08-3983F295EC20}.Debug|x86.ActiveCfg = Debug|Win32
		{C018C60D-4C3A-44BD-BE08-3983F295EC20}.Debug|x86.Build.0 = Debug|Win32
		{C018C60D-4C3A-44BD-BE08-3983F295EC20}.Release|x64.ActiveCfg = Release|x64
		{C018C60D-4C3A-44BD-BE08-3983F295EC20}.Release|x64.Build.0 = Release|x64
		{C018C60D-4C3A-44BD-BE08-3983F295EC20}.Release|x86.ActiveCfg = Release|Win32
		{C018C60D-4C3A-44BD-BE08-3983F295EC20}.Release|x86.Build.0 = Release|Win32
		{682BA941-A155-4304-8056-43335BFCE366}.Debug|x64.ActiveCfg = Debug|x64
		{682BA941-A155-4304-8056-43335BFCE366}.Debug|x64.Build.0 = Debug|x64
		{682BA941-A155-4304-8056-43335BFCE366}.Debug|x86.ActiveCfg = Debug|Win32
		{682BA941-A155-4304-8056-43335BFCE366}.Debug|x86.Build.0 = Debug|Win32
		{682BA941-A155-4304-8056-43335BFCE366}.Release|x64.ActiveCfg = Release|x64
		{682BA941-A155-4304-8056-43335BFCE366}.Release|x64.Build.0 = Release|x64
		{682BA941-A155-4304-8056-43335BFCE366}.Release|x86.ActiveCfg = Release|Win32
		{682BA941-A155-4304-8056-43335BFCE366}.Release|x86.Build.0 = Release|Win32
		{1E6E8DC9-4E13-4957-A252-A8D0F8D529C1}.Debug|x64.ActiveCfg = Debug|x64
		{1E6E8DC9-4E13-4957-A252-A8D0F8D529C1}.Debug|x64.Build.0 = Debug|x64
		{1E6E8DC9-4E13-4957-A252-A8D0F8D529C1}.Debug|x86.ActiveCfg = Debug|Win32
		{1E6E8DC9-4E13-4957-A252-A8D0F8D529C1}.Debug|x86.Build.0 = Debug|Win32
		{1E6E8DC9-4E13-4957-A252-A8D0F8D529C1}.Release|x64.ActiveCfg = Release|x64
		{1E6E8DC9-4E13-4957-A252-A8D0F8D529C1}.Release|x64.Build.0 = Release|x64
		{1E6E8DC9-4E13-4957-A252-A8D0F8D529C1}.Release|x86.ActiveCfg = Release|Win32
		{1E6E8DC9-4E13-4957-A252-A8D0F8D529C1}.Release|x86.Build.0 = Release|Win32
		{DCF0A4DD-0914-477C-AED1-3F1C84B19691}.Debug|x64.ActiveCfg = Debug|x64
		{DCF0A4DD-0914-477C-AED1-3F1C84B19691}.Debug|x64.Build.0 = Debug|x64
		{DCF0A4DD-0914-477C-AED1-3F1C84B19691}.Debug|x86.ActiveCfg = Debug|Win32
		{DCF0A4DD-0914-477C-AED1-3F1C84B19691}.Debug|x86.Build.0 = Debug|Win32
		{DCF0A4DD-0914-477C-AED1-3F1C84B19691}.Release|x64.ActiveCfg = Release|x64
		{DCF0A4DD-0914-477C-AED1-3F1C84B19691}.Release|x64.Build.0 = Release|x64
		{DCF0A4DD-0914-477C-AED1-3F1C84B19691}.Release|x86.ActiveCfg = Release|Win32
		{DCF0A4DD-0914-477C-AED1-3F1C84B19691}.Release|x86.Build.0 = Release|Win32
		{3418E7B8-1A41-451D-B489-E865E1087B6A}.Debug|x64.ActiveCfg = Debug|x64
		{3418E7B8-1A41-451D-B489-E865E1087B6A}.Debug|x64.Build.0 = Debug|x64
		{3418E7B8-1A41-451D-B489-E865E1087B6A}.Debug|x86.ActiveCfg = Debug|Win32
		{3418E7B8-1A41-451D-B489-E865E1087B6A}.Debug|x86.Build.0 = Debug|Win32
		{3418E7B8-1A41-451D-B489-E865E1087B6A}.Release|x64.ActiveCfg = Release|x64
		{3418E7B8-1A41-451D-B489-E865E1087B6A}.Release|x64.Build.0 = Release|x64
		{3418E7B8-1A41-451D-B489-E865E1087B6A}.Release|x86.ActiveCfg = Release|Win32
		{3418E7B8-1A41-451D-B489-E865E1087B6A}.Release|x86.Build.0 = Release|Win32
		{3EDBBBF7-AF1C-407E-BC0B-8957F34980B0}.Debug|x64.ActiveCfg = Debug|x64
		{3EDBBBF7-AF1C-407E-BC0B-8957F34980B0}.Debug|x64.Build.0 = Debug|x64
		{3EDBBBF7-AF1C-407E-BC0B-8957F34980B0}.Debug|x86.ActiveCfg = Debug|Win32
		{3EDBBBF7-AF1C-407E-BC0B-8957F34980B0}.Debug|x86.Build.0 = Debug|Win32
		{3EDBBBF7-AF1C-407E-BC0B-8957F34980B0}.Release|x64.ActiveCfg = Release|x64
		{3EDBBBF7-AF1C-407E-BC0B-8957F34980B0}.Release|x64.Build.0 = Release|x64
		{3EDBBBF7-AF1C-407E-BC0B-8957F34980B0}.Release|x86.ActiveCfg = Release|Win32
		{3EDBBBF7-AF1C-407E-BC0B-8957F34980B0}.Release|x86.Build.0 = Release|Win32
		{A8D86638-06C3-485E-AE6C-8D115AAECE2C}.Debug|x64.ActiveCfg = Debug|x64
		{A8D86638-06C3-485E-AE6C-8D115AAECE2C}.Debug|x64.Build.0 = Debug|x64
		{A8D86638-06C3-485E-AE6C-8D115AAECE2C}.Debug|x86.ActiveCfg = Debug|Win32
		{A8D86638-06C3-485E-AE6C-8D115AAECE2C}.Debug|x86.Build.0 = Debug|Win32
		{A8D86638-06C3-485E-AE6C-8D115AAECE2C}.Release|x64.ActiveCfg = Release|x64
		{A8D86638-06C3-485E-AE6C-8D115AAECE2C}.Release|x64.Build.0 = Release|x64
		{A8D86638-06C3-485E-AE6C-8D115AAECE2C}.Release|x86.ActiveCfg = Release|Win32
		{A8D86638-06C3-485E-AE6C-8D115AAECE2C}.Release|x86.Build.0 = Release|Win32
		{BFAC53D5-F356-4615-8266-878256E41AC5}.Debug|x64.ActiveCfg = Debug|x64
		{BFAC53D5-F356-4615-8266-878256E41AC5}.Debug|x64.Build.0 = Debug|x64
		{BFAC53D5-F356-4615-8266-878256E41AC5}.Debug|x86.ActiveCfg = Debug|Win32
		{BFAC53D5-F356-4615-8266-878256E41AC5}.Debug|x86.Build.0 = Debug|Win32
		{BFAC53D5-F356-4615-8266-878256E41AC5}.Release|x64.ActiveCfg = Release|x64
		{BFAC53D5-F356-4615-8266-878256E41AC5}.Release|x64.Build.0 = Release|x64
		{BFAC53D5-F356-4615-8266-878256E41AC5}.Release|x86.ActiveCfg = Release|Win32
		{BFAC53D5-F356-4615-8266-878256E41AC5}.Release|x86.Build.0 = Release|Win32
		{0D7DE6A5-2EC7-4F9B-9BFC-9F6EB17E0E9E}.Debug|x64.ActiveCfg = Debug|x64
		{0D7DE6A5-2EC7-4F9B-9BFC-9F6EB17E0E9E}.Debug|x64.Build.0 = Debug|x64
		{0D7DE6A5-2EC7-4F9B-9BFC-9F6EB17E0E9E}.Debug|x86.ActiveCfg = Debug|Win32
		{0D7DE6A5-2EC7-4F9B-9BFC-9F6EB17E0E9E}.Debug|x86.Build.0 = Debug|Win32
		{0D7DE6A5-2EC7-4F9B-9BFC-9F6EB17E0E9E}.Release|x64.ActiveCfg = Release|x64
		{0D7DE6A5-2EC7-4F9B-9BFC-9F6EB17E0E9E}.Release|x64.Build.0 = Release|x64
		{0D7DE6A5-2EC7-4F9B-9BFC-9F6EB17E0E9E}.Release|x86.ActiveCfg = Release|Win32
		{0D7DE6A5-2EC7-4F9B-9BFC-9F6EB17E0E9E}.Release|x86.Build.0 = Release|Win32
		{0CE80BA4-5480-4177-B8F3-8AA047A43211}.Debug|x64.ActiveCfg = Debug|x64
		{0CE80BA4-5480-4177-B8F3-8AA047A43211}.Debug|x64.Build.0 = Debug|x64
		{0CE80BA4-5480-4177-B8F3-8AA047A43211}.Debug|x86.ActiveCfg = Debug|Win32
		{0CE80BA4-5480-4177-B8F3-8AA047A43211}.Debug|x86.Build.0 = Debug|Win32
		{0CE80BA4-5480-4177-B8F3-8AA047A43211}.Release|x64.ActiveCfg = Release|x64
		{0CE80BA4-5480-4177-B8F3-8AA047A43211}.Release|x64.Build.0 = Release|x64
		{0CE80BA4-5480-4177-B8F3-8AA047A43211}.Release|x86.ActiveCfg = Release|Win32
		{0CE80BA4-5480-4177-B8F3-8AA047A43211}.Release|x86.Build.0 = Release|Win32
		{C780701A-C44E-4299-B406-D808CFCD20F3}.Debug|x64.ActiveCfg = Debug|x64
		{C780701A-C44E-4299-B406-D808CFCD20F3}.Debug|x64.Build.0 = Debug|x64
		{C780701A-C44E-4299-B406-D808CFCD20F3}.Debug|x86.ActiveCfg = Debug|Win32
		{C780701A-C44E-4299-B406-D808CFCD20F3}.Debug|x86.Build.0 = Debug|Win32
		{C780701A-C44E-4299-B406-D808CFCD20F3}.Release|x64.ActiveCfg = Release|x64
		{C780701A-C44E-4299-B406-D808CFCD20F3}.Release|x64.Build.0 = Release|x64
		{C780701A-C44E-4299-B406-D808CFCD20F3}.Release|x86.ActiveCfg = Release|Win32
		{C780701A-C44E-4299-B406-D808CFCD20F3}.Release|x86.Build.0 = Release|Win32
		{411B0056-F1D3-4381-8810-9BA766C50A99}.Debug|x64.ActiveCfg = Debug|x64
		{411B0056-F1D3-4381-8810-9BA766C50A99}.Debug|x64.Build.0 = Debug|x64
		{411B0056-F1D3-4381-8810-9BA766C50A99}.Debug|x86.ActiveCfg = Debug|Win32
		{411B0056-F1D3-4381-8810-9BA766C50A99}.Debug|x86.Build.0 = Debug|Win32
		{411B0056-F1D3-4381-8810-9BA766C50A99}.Release|x64.ActiveCfg = Release|x64
		{411B0056-F1D3-4381-8810-9BA766C50A99}.Release|x64.Build.0 = Release|x64
		{411B0056-F1D3-4381-8810-9BA766C50A99}.Release|x86.ActiveCfg = Release|Win32
		{411B0056-F1D3-4381-8810-9BA766C50A99}.Release|x86.Build.0 = Release|Win32
		{DD341F55-E215-4257-9196-A23B7B187592}.Debug|x64.ActiveCfg = Debug|x64
		{DD341F55-E215-4257-9196-A23B7B187592}.Debug|x64.Build.0 = Debug|x64
		{DD341F55-E215-4257-9196-A23B7B187592}.Debug|x86.ActiveCfg = Debug|Win32
		{DD341F55-E215-4257-9196-A23B7B187592}.Debug|x86.Build.0 = Debug|Win32
		{DD341F55-E215-4257-9196-A23B7B187592}.Release|x64.ActiveCfg = Release|x64
		{DD341F55-E215-4257-9196-A23B7B187592}.Release|x64.Build.0 = Release|x64
		{DD341F55-E215-4257-9196-A23B7B187592}.Release|x86.ActiveCfg = Release|Win32
		{DD341F55-E215-4257-9196-A23B7B187592}.Release|x86.Build.0 = Release|Win32
		{90FB8EA3-8A19-45FC-BDA5-F9F540559805}.Debug|x64.ActiveCfg = Debug|x64
		{90FB8EA3-8A19-45FC-BDA5-F9F540559805}.Debug|x64.Build.0 = Debug|x64
		{90FB8EA3-8A19-45FC-BDA5-F9F540559805}.Debug|x86.ActiveCfg = Debug|Win32
		{90FB8EA3-8A19-45FC-BDA5-F9F540559805}.Debug|x86.Build.0 = Debug|Win32
		{90FB8EA3-8A19-45FC-BDA5-F9F540559805}.Release|x64.ActiveCfg = Release|x64
		{90FB8EA3-8A19-45FC-BDA5-F9F540559805}.Release|x64.Build.0 = Release|x64
		{90FB8EA3-8A19-45FC-BDA5-F9F540559805}.Release|x86.ActiveCfg = Release|Win32
		{90FB8EA3-8A19-45FC-BDA5-F9F540559805}.Release|x86.Build.0 = Release|Win32
		{5D7D1150-C2F0-4E18-8DDD-13EF6E09B5D1}.Debug|x64.ActiveCfg = Debug|x64
		{5D7D1150-C2F0-4E18-8DDD-13EF6E09B5D1}.Debug|x64.Build.0 = Debug|x64
		{5D7D1150-C2F0-4E18-8DDD-13EF6E09B5D1}.Debug|x86.ActiveCfg = Debug|Win32
		{5D7D1150-C2F0-4E18-8DDD-13EF6E09B5D1}.Debug|x86.Build.0 = Debug|Win32
		{5D7D1150-C2F0-4E18-8DDD-13EF6E09B5D1}.Release|x64.ActiveCfg = Release|x64
		{5D7D1150-C2F0-4E18-8DDD-13EF6E09B5D1}.Release|x64.Build.0 = Release|x64
		{5D7D1150-C2F0-4E18-8DDD-13EF6E09B5D1}.Release|x86.ActiveCfg = Release|Win32
		{5D7D1150-C2F0-4E18-8DDD-13EF6E09B5D1}.Release|x86.Build.0 = Release|Win32
		{0388E1D6-F0A4-4421-94D6-013DBDB94E76}.Debug|x64.ActiveCfg = Debug|x64
		{0388E1D6-F0A4-4421-94D6-013DBDB94E76}.Debug|x64.Build.0 = Debug|x64
		{0388E1D6-F0A4-4421-94D6-013DBDB94E76}.Debug|x86.ActiveCfg = Debug|Win32
		{0388E1D6-F0A4-4421-94D6-013DBDB94E76}.Debug|x86.Build.0 = Debug|Win32
		{0388E1D6-F0A4-4421-94D6-013DBDB94E76}.Release|x64.ActiveCfg = Release|x64
		{0388E1D6-F0A4-4421-94D6-013DBDB94E76}.Release|x64.Build.0 = Release|x64
		{0388E1D6-F0A4-4421-94D6-013DBDB94E76}.Release|x86.ActiveCfg = Release|Win32
		{0388E1D6-F0A4-4421-94D6-013DBDB94E76}.Release|x86.Build.0 = Release|Win32
		{E9B6A554-B78F-41DC-A55E-0901CAA44C49}.Debug|x64.ActiveCfg = Debug|x64
		{E9B6A554-B78F-41DC-A55E-0901CAA44C49}.Debug|x64.Build.0 = Debug|x64
		{E9B6A554-B78F-41DC-A55E-0901CAA44C49}.Debug|x86.ActiveCfg = Debug|Win32
		{E9B6A554-B78F-41DC-A55E-0901CAA44C49}.Debug|x86.Build.0 = Debug|Win32
		{E9B6A554-B78F-41DC-A55E-0901CAA44C49}.Release|x64.ActiveCfg = Release|x64
		{E9B6A554-B78F-41DC-A55E-0901CAA44C49}.Release|x64.Build.0 = Release|x64
		{E9B6A554-B78F-41DC-A55E-0901CAA44C49}.Release|x86.ActiveCfg = Release|Win32
		{E9B6A554-B78F-41DC-A55E-0901CAA44C49}.Release|x86.Build.0 = Release|Win32
		{9FE29CC8-D55A-4063-B578-4D6F52026AA4}.Debug|x64.ActiveCfg = Debug|x64
		{9FE29CC8-D55A-4063-B578-4D6F52026AA4}.Debug|x64.Build.0 = Debug|x64
		{9FE29CC8-D55A-4063-B578-4D6F52026AA4}.Debug|x86.ActiveCfg = Debug|Win32
		{9FE29CC8-D55A-4063-B578-4D6F52026AA4}.Debug|x86.Build.0 = Debug|Win32
		{9FE29CC8-D55A-4063-B578-4D6F52026AA4}.Release|x64.ActiveCfg = Release|x64
		{9FE29CC8-D55A-4063-B578-4D6F52026AA4}.Release|x64.Build.0 = Release|x64
		{9FE29CC8-D55A-4063-B578-4D6F52026AA4}.Release|x86.ActiveCfg = Release|Win32
		{9FE29CC8-D55A-4063-B578-4D6F52026AA4}.Release|x86.Build.0 = Release|Win32
		{47C1DDF5-F1CE-4191-9D35-A44FF261C925}.Debug|x64.ActiveCfg = Debug|x64
		{47C1DDF5-F1CE-4191-9D35-A44FF261C925}.Debug|x64.Build.0 = Debug|x64
		{47C1DDF5-F1CE-4191-9D35-A44FF261C925}.Debug|x86.ActiveCfg = Debug|Win32
		{47C1DDF5-F1CE-4191-9D35-A44FF261C925}.Debug|x86.Build.0 = Debug|Win32
		{47C1DDF5-F1CE-4191-9D35-A44FF261C925}.Release|x64.ActiveCfg = Release|x64
		{47C1DDF5-F1CE-4191-9D35-A44FF261C925}.Release|x64.Build.0 = Release|x64
		{47C1DDF5-F1CE-4191-9D35-A44FF261C925}.Release|x86.ActiveCfg = Release|Win32
		{47C1DDF5-F1CE-4191-9D35-A44FF261C925}.Release|x86.Build.0 = Release|Win32
		{94140B0E-C13D-4F5F-81B3-F9C3A43D35BE}.Debug|x64.ActiveCfg = Debug|x64
		{94140B0E-C13D-4F5F-81B3-F9C3A43D35BE}.Debug|x64.Build.0 = Debug|x64
		{94140B0E-C13D-4F5F-81B3-F9C3A43D35BE}.Debug|x86.ActiveCfg = Debug|Win32
		{94140B0E-C13D-4F5F-81B3-F9C3A43D35BE}.Debug|x86.Build.0 = Debug|Win32
		{94140B0E-C13D-4F5F-81B3-F9C3A43D35BE}.Release|x64.ActiveCfg = Release|x64
		{94140B0E-C13D-4F5F-81B3-F9C3A43D35BE}.Release|x64.Build.0 = Release|x64
		{94140B0E-C13D-4F5F-81B3-F9C3A43D35BE}.Release|x86.ActiveCfg = Release|Win32
		{94140B0E-C13D-4F5F-81B3-F9C3A43D35BE}.Release|x86.Build.0 = Release|Win32
		{9257795D-911B-4732-A307-BE4CE6FB9B36}.Debug|x64.ActiveCfg = Debug|x64
		{9257795D-911B-4732-A307-BE4CE6FB9B36}.Debug|x64.Build.0 = Debug|x64
		{9257795D-911B-4732-A307-BE4CE6FB9B36}.Debug|x86.ActiveCfg = Debug|Win32
		{9257795D-911B-4732-A307-BE4CE6FB9B36}.Debug|x86.Build.0 = Debug|Win32
		{9257795D-911B-4732-A307-BE4CE6FB9B36}.Release|x64.ActiveCfg = Release|x64
		{9257795D-911B-4732-A307-BE4CE6FB9B36}.Release|x64.Build.0 = Release|x64
		{9257795D-911B-4732-A307-BE4CE6FB9B36}.Release|x86.ActiveCfg = Release|Win32
		{9257795D-911B-4732-A307-BE4CE6FB9B36}.Release|x86.Build.0 = Release|Win32
		{73AC9DB1-06A8-45B4-BF6C-024302C07962}.Debug|x64.ActiveCfg = Debug|x64
		{73AC9DB1-06A8-45B4-BF6C-024302C07962}.Debug|x64.Build.0 = Debug|x64
		{73AC9DB1-06A8-45B4-BF6C-024302C07962}.Debug|x86.ActiveCfg = Debug|Win32
		{73AC9DB1-06A8-45B4-BF6C-024302C07962}.Debug|x86.Build.0 = Debug|Win32
		{73AC9DB1-06A8-45B4-BF6C-024302C07962}.Release|x64.ActiveCfg = Release|x64
		{73AC9DB1-06A8-45B4-BF6C-024302C07962}.Release|x64.Build.0 = Release|x64
		{73AC9DB1-06A8-45B4-BF6C-024302C07962}.Release|x86.ActiveCfg = Release|Win32
		{73AC9DB1-06A8-45B4-BF6C-024302C07962}.Release|x86.Build.0 = Release|Win32
		{BB24F417-3CD7-4060-AC7D-2369ADCC0A73}.Debug|x64.ActiveCfg = Debug|x64
		{BB24F417-3CD7-4060-AC7D-2369ADCC0A73}.Debug|x64.Build.0 = Debug|x64
		{BB24F417-3CD7-4060-AC7D-2369ADCC0A73}.Debug|x86.ActiveCfg = Debug|Win32
		{BB24F417-3CD7-4060-AC7D-2369ADCC0A73}.Debug|x86.Build.0 = Debug|Win32
		{BB24F417-3CD7-4060-AC7D-2369ADCC0A73}.Release|x64.ActiveCfg = Release|x64
		{BB24F417-3CD7-4060-AC7D-2369ADCC0A73}.Release|x64.Build.0 = Release|x64
		{BB24F417-3CD7-4060-AC7D-2369ADCC0A73}.Release|x86.ActiveCfg = Release|Win32
		{BB24F417-3CD7-4060-AC7D-2369ADCC0A73}.Release|x86.Build.0 = Release|Win32
		{681C9C75-ABAB-4E90-BF4F-8539DE9AAACF}.Debug|x64.ActiveCfg = Debug|x64
		{681C9C75-ABAB-4E90-BF4F-8539DE9AAACF}.Debug|x64.Build.0 = Debug|x64
		{681C9C75-ABAB-4E90-BF4F-8539DE9AAACF}.Debug|x86.ActiveCfg = Debug|Win32
		{681C9C75-ABAB-4E90-BF4F-8539DE9AAACF}.Debug|x86.Build.0 = Debug|Win32
		{681C9C75-ABAB-4E90-BF4F-8539DE9AAACF}.Release|x64.ActiveCfg = Release|x64
		{681C9C75-ABAB-4E90-BF4F-8539DE9AAACF}.Release|x64.Build.0 = Release|x64
		{681C9C75-ABAB-4E90-BF4F-8539DE9AAACF}.Release|x86.ActiveCfg = Release|Win32
		{681C9C75-ABAB-4E90-BF4F-8539DE9AAACF}.Release|x86.Build.0 = Release|Win32
		{FC1EDF5B-8319-4F2D-A4FE-564D68804145}.Debug|x64.ActiveCfg = Debug|x64
		{FC1EDF5B-8319-4F2D-A4FE-564D68804145}.Debug|x64.Build.0 = Debug|x64
		{FC1EDF5B-8319-4F2D-A4FE-564D68804145}.Debug|x86.ActiveCfg = Debug|Win32
		{FC1EDF5B-8319-4F2D-A4FE-564D68804145}.Debug|x86.Build.0 = Debug|Win32
		{FC1EDF5B-8319-4F2D-A4FE-564D68804145}.Release|x64.ActiveCfg = Release|x64
		{FC1EDF5B-8319-4F2D-A4FE-564D68804145}.Release|x64.Build.0 = Release|x64
		{FC1EDF5B-8319-4F2D-A4FE-564D68804145}.Release|x86.ActiveCfg = Release|Win32
		{FC1EDF5B-8319-4F2D-A4FE-564D68804145}.Release|x86.Build.0 = Release|Win32
		{57EDF5F3-AE55-4044-987E-905038A491B7}.Debug|x64.ActiveCfg = Debug|x64
		{57EDF5F3-AE55-4044-987E-905038A491B7}.Debug|x64.Build.0 = Debug|x64
		{57EDF5F3-AE55-4044-987E-905038A491B7}.Debug|x86.ActiveCfg = Debug|Win32
		{57EDF5F3-AE55-4044-987E-905038A491B7}.Debug|x86.Build.0 = Debug|Win32
		{57EDF5F3-AE55-4044-987E-905038A491B7}.Release|x64.ActiveCfg = Release|x64
		{57EDF5F3-AE55-4044-987E-905038A491B7}.Release|x64.Build.0 = Release|x64
		{57EDF5F3-AE55-4044-987E-905038A491B7}.Release|x86.ActiveCfg = Release|Win32
		{57EDF5F3-AE55-4044-987E-905038A491B7}.Release|x86.Build.0 = Release|Win32
		{2B85E2BF-FDF1-437E-8195-78E721255685}.Debug|x64.ActiveCfg = Debug|x64
		{2B85E2BF-FDF1-437E-8195-78E721255685}.Debug|x64.Build.0 = Debug|x64
		{2B85E2BF-FDF1-437E-8195-78E721255685}.Debug|x86.ActiveCfg = Debug|Win32
		{2B85E2BF-FDF1-437E-8195-78E721255685}.Debug|x86.Build.0 = Debug|Win32
		{2B85E2BF-FDF1-437E-8195-78E721255685}.Release|x64.ActiveCfg = Release|x64
		{2B85E2BF-FDF1-437E-8195-78E721255685}.Release|x64.Build.0 = Release|x64
		{2B85E2BF-FDF1-437E-8195-78E721255685}.Release|x86.ActiveCfg = Release|Win32
		{2B85E2BF-FDF1-437E-8195-78E721255685}.Release|x86.Build.0 = Release|Win32
		{9C9CABD6-590A-488E-A582-A4314F90D8C9}.Debug|x64.ActiveCfg = Debug|x64
		{9C9CABD6-590A-488E-A582-A4314F90D8C9}.Debug|x64.Build.0 = Debug|x64
		{9C9CABD6-590A-488E-A582-A4314F90D8C9}.Debug|x86.ActiveCfg = Debug|Win32
		{9C9CABD6-590A-488E-A582-A4314F90D8C9}.Debug|x86.Build.0 = Debug|Win32
		{9C9CABD6-590A-488E-A582-A4314F90D8C9}.Release|x64.ActiveCfg = Release|x64
		{9C9CABD6-590A-488E-A582-A4314F90D8C9}.Release|x64.Build.0 = Release|x64
		{9C9CABD6-590A-488E-A582-A4314F90D8C9}.Release|x86.ActiveCfg = Release|Win32
		{9C9CABD6-590A-488E-A582-A4314F90D8C9}.Release|x86.Build.0 = Release|Win32
		{D7724AD5-2F5A-437A-B7EF-E0DEA75D9D68}.Debug|x64.ActiveCfg = Debug|x64
		{D7724AD5-2F5A-437A-B7EF-E0DEA75D9D68}.Debug|x64.Build.0 = Debug|x64
		{D7724AD5-2F5A-437A-B7EF-E0DEA75D9D68}.Debug|x86.ActiveCfg = Debug|Win32
		{D7724AD5-2F5A-437A-B7EF-E0DEA75D9D68}.Debug|x86.Build.0 = Debug|Win32
		{D7724AD5-2F5A-437A-B7EF-E0DEA75D9D68}.Release|x64.ActiveCfg = Release|x64
		{D7724AD5-2F5A-437A-B7EF-E0DEA75D9D68}.Release|x64.Build.0 = Release|x64
		{D7724AD5-2F5A-437A-B7EF-E0DEA75D9D68}.Release|x86.ActiveCfg = Release|Win32
		{D7724AD5-2F5A-437A-B7EF-E0DEA75D9D68}.Release|x86.Build.0 = Release|Win32
		{862EB5BC-ED17-4F7A-8894-BBFCA5DAD8F5}.Debug|x64.ActiveCfg = Debug|x64
		{862EB5BC-ED17-4F7A-8894-BBFCA5DAD8F5}.Debug|x64.Build.0 = Debug|x64
		{862EB5BC-ED17-4F7A-8894-BBFCA5DAD8F5}.Debug|x86.ActiveCfg = Debug|Win32
		{862EB5BC-ED17-4F7A-8894-BBFCA5DAD8F5}.Debug|x86.Build.0 = Debug|Win32
		{862EB5BC-ED17-4F7A-8894-BBFCA5DAD8F5}.Release|x64.ActiveCfg = Release|x64
		{862EB5BC-ED17-4F7A-8894-BBFCA5DAD8F5}.Release|x64.Build.0 = Release|x64
		{862EB5BC-ED17-4F7A-8894-BBFCA5DAD8F5}.Release|x86.ActiveCfg = Release|Win32
		{862EB5BC-ED17-4F7A-8894-BBFCA5DAD8F5}.Release|x86.Build.0 = Release|Win32
		{0AF0D738-8070-4197-BEA8-8DC23FCA5292}.Debug|x64.ActiveCfg = Debug|x64
		{0AF0D738-8070-4197-BEA8-8DC23FCA5292}.Debug|x64.Build.0 = Debug|x64
		{0AF0D738-8070-4197-BEA8-8DC23FCA5292}.Debug|x86.ActiveCfg = Debug|Win32
		{0AF0D738-8070-4197-BEA8-8DC23FCA5292}.Debug|x86.Build.0 = Debug|Win32
		{0AF0D738-8070-4197-BEA8-8DC23FCA5292}.Release|x64.ActiveCfg = Release|x64
		{0AF0D738-8070-4197-BEA8-8DC23FCA5292}.Release|x64.Build.0 = Release|x64
		{0AF0D738-8070-4197-BEA8-8DC23FCA5292}.Release|x86.ActiveCfg = Release|Win32
		{0AF0D738-8070-4197-BEA8-8DC23FCA5292}.Release|x86.Build.0 = Release|Win32
		{ECA96E85-6EBB-43F7-8FAC-8BCC99F2F4F9}.Debug|x64.ActiveCfg = Debug|x64
		{ECA96E85-6EBB-43F7-8FAC-8BCC99F2F4F9}.Debug|x64.Build.0 = Debug|x64
		{ECA96E85-6EBB-43F7-8FAC-8BCC99F2F4F9}.Debug|x86.ActiveCfg = Debug|Win32
		{ECA96E85-6EBB-43F7-8FAC-8BCC99F2F4F9}.Debug|x86.Build.0 = Debug|Win32
		{ECA96E85-6EBB-43F7-8FAC-8BCC99F2F4F9}.Release|x64.ActiveCfg = Release|x64
		{ECA96E85-6EBB-43F7-8FAC-8BCC99F2F4F9}.Release|x64.Build.0 = Release|x64
		{ECA96E85-6EBB-43F7-8FAC-8BCC99F2F4F9}.Release|x86.ActiveCfg = Release|Win32
		{ECA96E85-6EBB-43F7-8FAC-8BCC99F2F4F9}.Release|x86.Build.0 = Release|Win32
		{FD62F424-EC93-4A5A-BDC7-1973C480FAAF}.Debug|x64.ActiveCfg = Debug|x64
		{FD62F424-EC93-4A5A-BDC7-1973C480FAAF}.Debug|x64.Build.0 = Debug|x64
		{FD62F424-EC93-4A5A-BDC7-1973C480FAAF}.Debug|x86.ActiveCfg = Debug|Win32
		{FD62F424-EC93-4A5A-BDC7-1973C480FAAF}.Debug|x86.Build.0 = Debug|Win32
		{FD62F424-EC93-4A5A-BDC7-1973C480FAAF}.Release|x64.ActiveCfg = Release|x64
		{FD62F424-EC93-4A5A-BDC7-1973C480FAAF}.Release|x64.Build.0 = Release|x64
		{FD62F424-EC93-4A5A-BDC7-1973C480FAAF}.Release|x86.ActiveCfg = Release|Win32
		{FD62F424-EC93-4A5A-BDC7-1973C480FAAF}.Release|x86.Build.0 = Release|Win32
		{FD137346-9DCC-4458-8E4C-26EAEDBE0E5A}.Debug|x64.ActiveCfg = Debug|x64
		{FD137346-9DCC-4458-8E4C-26EAEDBE0E5A}.Debug|x64.Build.0 = Debug|x64
		{FD137346-9DCC-4458-8E4C-26EAEDBE0E5A}.Debug|x86.ActiveCfg = Debug|Win32
		{FD137346-9DCC-4458-8E4C-26EAEDBE0E5A}.Debug|x86.Build.0 = Debug|Win32
		{FD137346-9DCC-4458-8E4C-26EAEDBE0E5A}.Release|x64.ActiveCfg = Release|x64
		{FD137346-9DCC-4458-8E4C-26EAEDBE0E5A}.Release|x64.Build.0 = Release|x64
		{FD137346-9DCC-4458-8E4C-26EAEDBE0E5A}.Release|x86.ActiveCfg = Release|Win32
		{FD137346-9DCC-4458-8E4C-26EAEDBE0E5A}.Release|x86.Build.0 = Release|Win32
		{DA85DEF5-B3AC-4615-81B9-942ADF96CC69}.Debug|x64.ActiveCfg = Debug|x64
		{DA85DEF5-B3AC-4615-81B9-942ADF96CC69}.Debug|x64.Build.0 = Debug|x64
		{DA85DEF5-B3AC-4615-81B9-942ADF96CC69}.Debug|x86.ActiveCfg = Debug|Win32
		{DA85DEF5-B3AC-4615-81B9-942ADF96CC69}.Debug|x86.Build.0 = Debug|Win32
		{DA85DEF5-B3AC-4615-81B9-942ADF96CC69}.Release|x64.ActiveCfg = Release|x64
		{DA85DEF5-B3AC-4615-81B9-942ADF96CC69}.Release|x64.Build.0 = Release|x64
		{DA85DEF5-B3AC-4615-81B9-942ADF96CC69}.Release|x86.ActiveCfg = Release|Win32
		{DA85DEF5-B3AC-4615-81B9-942ADF96CC69}.Release|x86.Build.0 = Release|Win32
		{2ACC93D1-2810-429B-AC04-E52CADB0D515}.Debug|x64.ActiveCfg = Debug|x64
		{2ACC93D1-2810-429B-AC04-E52CADB0D515}.Debug|x64.Build.0 = Debug|x64
		{2ACC93D1-2810-429B-AC04-E52CADB0D515}.Debug|x86.ActiveCfg = Debug|Win32
		{2ACC93D1-2810-429B-AC04-E52CADB0D515}.Debug|x86.Build.0 = Debug|Win32
		{2ACC93D1-2810-429B-AC04-E52CADB0D515}.Release|x64.ActiveCfg = Release|x64
		{2ACC93D1-2810-429B-AC04-E52CADB0D515}.Release|x64.Build.0 = Release|x64
		{2ACC93D1-2810-429B-AC04-E52CADB0D515}.Release|x86.ActiveCfg = Release|Win32
		{2ACC93D1-2810-429B-AC04-E52CADB0D515}.Release|x86.Build.0 = Release|Win32
		{E1E0A2F4-F1D7-4F5A-9CFF-8D7AA97EDC3C}.Debug|x64.ActiveCfg = Debug|x64
		{E1E0A2F4-F1D7-4F5A-9CFF-8D7AA97EDC3C}.Debug|x64.Build.0 = Debug|x64
		{E1E0A2F4-F1D7-4F5A-9CFF-8D7AA97EDC3C}.Debug|x86.ActiveCfg = Debug|Win32
		{E1E0A2F4-F1D7-4F5A-9CFF-8D7AA97EDC3C}.Debug|x86.Build.0 = Debug|Win32
		{E1E0A2F4-F1D7-4F5A-9CFF-8D7AA97EDC3C}.Release|x64.ActiveCfg = Release|x64
		{E1E0A2F4-F1D7-4F5A-9CFF-8D7AA97EDC3C}.Release|x64.Build.0 = Release|x64
		{E1E0A2F4-F1D7-4F5A-9CFF-8D7AA97EDC3C}.Release|x86.ActiveCfg = Release|Win32
		{E1E0A2F4-F1D7-4F5A-9CFF-8D7AA97EDC3C}.Release|x86.Build.0 = Release|Win32
		{791919D2-2F5C-4BF5-AD43-1754C40471DA}.Debug|x64.ActiveCfg = Debug|x64
		{791919D2-2F5C-4BF5-AD43-1754C40471DA}.Debug|x64.Build.0 = Debug|x64
		{791919D2-2F5C-4BF5-AD43-1754C40471DA}.Debug|x86.ActiveCfg = Debug|Win32
		{791919D2-2F5C-4BF5-AD43-1754C40471DA}.Debug|x86.Build.0 = Debug|Win32
		{791919D2-2F5C-4BF5-AD43-1754C40471DA}.Release|x64.ActiveCfg = Release|x64
		{791919D2-2F5C-4BF5-AD43-1754C40471DA}.Release|x64.Build.0 = Release|x64
		{791919D2-2F5C-4BF5-AD43-1754C40471DA}.Release|x86.ActiveCfg = Release|Win32
		{791919D2-2F5C-4BF5-AD43-1754C40471DA}.Release|x86.Build.0 = Release|Win32
		{F62B04ED-6253-46B1-B474-F741D0E1007F}.Debug|x64.ActiveCfg = Debug|x64
		{F62B04ED-6253-46B1-B474-F741D0E1007F}.Debug|x64.Build.0 = Debug|x64
		{F62B04ED-6253-46B1-B474-F741D0E1007F}.Debug|x86.ActiveCfg = Debug|Win32
		{F62B04ED-6253-46B1-B474-F741D0E1007F}.Debug|x86.Build.0 = Debug|Win32
		{F62B04ED-6253-46B1-B474-F741D0E1007F}.Release|x64.ActiveCfg = Release|x64
		{F62B04ED-6253-46B1-B474-F741D0E1007F}.Release|x64.Build.0 = Release|x64
		{F62B04ED-6253-46B1-B474-F741D0E1007F}.Release|x86.ActiveCfg = Release|Win32
		{F62B04ED-6253-46B1-B474-F741D0E1007F}.Release|x86.Build.0 = Release|Win32
		{38B3409D-7671-4C7F-A38E-0291FEA58676}.Debug|x64.ActiveCfg = Debug|x64
		{38B3409D-7671-4C7F-A38E-0291FEA58676}.Debug|x64.Build.0 = Debug|x64
		{38B3409D-7671-4C7F-A38E-0291FEA58676}.Debug|x86.ActiveCfg = Debug|Win32
		{38B3409D-7671-4C7F-A38E-0291FEA58676}.Debug|x86.Build.0 = Debug|Win32
		{38B3409D-7671-4C7F-A38E-0291FEA58676}.Release|x64.ActiveCfg = Release|x64
		{38B3409D-7671-4C7F-A38E-0291FEA58676}.Release|x64.Build.0 = Release|x64
		{38B3409D-7671-4C7F-A38E-0291FEA58676}.Release|x86.ActiveCfg = Release|Win32
		{38B3409D-7671-4C7F-A38E-0291FEA58676}.Release|x86.Build.0 = Release|Win32
		{A82323E0-689B-40FD-AE00-240869D5B36F}.Debug|x64.ActiveCfg = Debug|x64
		{A82323E0-689B-40FD-AE00-240869D5B36F}.Debug|x64.Build.0 = Debug|x64
		{A82323E0-689B-40FD-AE00-240869D5B36F}.Debug|x86.ActiveCfg = Debug|Win32
		{A82323E0-689B-40FD-AE00-240869D5B36F}.Debug|x86.Build.0 = Debug|Win32
		{A82323E0-689B-40FD-AE00-240869D5B36F}.Release|x64.ActiveCfg = Release|x64
		{A82323E0-689B-40FD-AE00-240869D5B36F}.Release|x64.Build.0 = Release|x64
		{A82323E0-689B-40FD-AE00-240869D5B36F}.Release|x86.ActiveCfg = Release|Win32
		{A82323E0-689B-40FD-AE00-240869D5B36F}.Release|x86.Build.0 = Release|Win32
		{CFE2F8F7-3CB5-4DF4-A876-4794F324E39A}.Debug|x64.ActiveCfg = Debug|x64
		{CFE2F8F7-3CB5-4DF4-A876-4794F324E39A}.Debug|x64.Build.0 = Debug|x64
		{CFE2F8F7-3CB5-4DF4-A876-4794F324E39A}.Debug|x86.ActiveCfg = Debug|Win32
		{CFE2F8F7-3CB5-4DF4-A876-4794F324E39A}.Debug|x86.Build.0 = Debug|Win32
		{CFE2F8F7-3CB5-4DF4-A876-4794F324E39A}.Release|x64.ActiveCfg = Release|x64
		{CFE2F8F7-3CB5-4DF4-A876-4794F324E39A}.Release|x64.Build.0 = Release|x64
		{CFE2F8F7-3CB5-4DF4-A876-4794F324E39A}.Release|x86.ActiveCfg = Release|Win32
		{CFE2F8F7-3CB5-4DF4-A876-4794F324E39A}.Release|x86.Build.0 = Release|Win32
		{604E97EF-9AF3-4490-96E0-9870D726A26D}.Debug|x64.ActiveCfg = Debug|x64
		{604E97EF-9AF3-4490-96E0-9870D726A26D}.Debug|x64.Build.0 = Debug|x64
		{604E97EF-9AF3-4490-96E0-9870D726A26D}.Debug|x86.ActiveCfg = Debug|Win32
		{604E97EF-9AF3-4490-96E0-9870D726A26D}.Debug|x86.Build.0 = Debug|Win32
		{604E97EF-9AF3-4490-96E0-9870D726A26D}.Release|x64.ActiveCfg = Release|x64
		{604E97EF-9AF3-4490-96E0-9870D726A26D}.Release|x64.Build.0 = Release|x64
		{604E97EF-9AF3-4490-96E0-9870D726A26D}.Release|x86.ActiveCfg = Release|Win32
		{604E97EF-9AF3-4490-96E0-9870D726A26D}.Release|x86.Build.0 = Release|Win32
		{9A87A7AA-C5DD-4A01-B48A-0E2A4FA30CD8}.Debug|x64.ActiveCfg = Debug|x64
		{9A87A7AA-C5DD-4A01-B48A-0E2A4FA30CD8}.Debug|x64.Build.0 = Debug|x64
		{9A87A7AA-C5DD-4A01-B48A-0E2A4FA30CD8}.Debug|x86.ActiveCfg = Debug|Win32
		{9A87A7AA-C5DD-4A01-B48A-0E2A4FA30CD8}.Debug|x86.Build.0 = Debug|Win32
		{9A87A7AA-C5DD-4A01-B48A-0E2A4FA30CD8}.Release|x64.ActiveCfg = Release|x64
		{9A87A7AA-C5DD-4A01-B48A-0E2A4FA30CD8}.Release|x64.Build.0 = Release|x64
		{9A87A7AA-C5DD-4A01-B48A-0E2A4FA30CD8}.Release|x86.ActiveCfg = Release|Win32
		{9A87A7AA-C5DD-4A01-B48A-0E2A4FA30CD8}.Release|x86.Build.0 = Release|Win32
		{F8A6AC84-812D-468A-9ED7-057DCA955E0B}.Debug|x64.ActiveCfg = Debug|x64
		{F8A6AC84-812D-468A-9ED7-057DCA955E0B}.Debug|x64.Build.0 = Debug|x64
		{F8A6AC84-812D-468A-9ED7-057DCA955E0B}.Debug|x86.ActiveCfg = Debug|Win32
		{F8A6AC84-812D-468A-9ED7-057DCA955E0B}.Debug|x86.Build.0 = Debug|Win32
		{F8A6AC84-812D-468A-9ED7-057DCA955E0B}.Release|x64.ActiveCfg = Release|x64
		{F8A6AC84-812D-468A-9ED7-057DCA955E0B}.Release|x64.Build.0 = Release|x64
		{F8A6AC84-812D-468A-9ED7-057DCA955E0B}.Release|x86.ActiveCfg = Release|Win32
		{F8A6AC84-812D-468A-9ED7-057DCA955E0B}.Release|x86.Build.0 = Release|Win32
	EndGlobalSection
	GlobalSection(SolutionProperties) = preSolution
		HideSolutionNode = FALSE
	EndGlobalSection
	GlobalSection(NestedProjects) = preSolution
		{83E19CC9-C401-4699-BA4E-E3506D45DDB6} = {54FBC83B-5E6D-40DB-A3E6-C9F4A2F7590A}
		{1C693C9D-81FC-4E64-8D3A-67C3F5E70DBF} = {52A5EB47-506A-4A58-8DF0-B4DB0E6C5177}
		{20AF3F74-8C2B-4E09-B527-4324092FC495} = {52A5EB47-506A-4A58-8DF0-B4DB0E6C5177}
		{C018C60D-4C3A-44BD-BE08-3983F295EC20} = {52A5EB47-506A-4A58-8DF0-B4DB0E6C5177}
		{682BA941-A155-4304-8056-43335BFCE366} = {52A5EB47-506A-4A58-8DF0-B4DB0E6C5177}
		{1E6E8DC9-4E13-4957-A252-A8D0F8D529C1} = {52A5EB47-506A-4A58-8DF0-B4DB0E6C5177}
		{DCF0A4DD-0914-477C-AED1-3F1C84B19691} = {52A5EB47-506A-4A58-8DF0-B4DB0E6C5177}
		{3418E7B8-1A41-451D-B489-E865E1087B6A} = {52A5EB47-506A-4A58-8DF0-B4DB0E6C5177}
		{3EDBBBF7-AF1C-407E-BC0B-8957F34980B0} = {52A5EB47-506A-4A58-8DF0-B4DB0E6C5177}
		{A8D86638-06C3-485E-AE6C-8D115AAECE2C} = {52A5EB47-506A-4A58-8DF0-B4DB0E6C5177}
		{BFAC53D5-F356-4615-8266-878256E41AC5} = {1690E9E9-E5FA-488E-96CB-412E26510B3B}
		{0D7DE6A5-2EC7-4F9B-9BFC-9F6EB17E0E9E} = {1690E9E9-E5FA-488E-96CB-412E26510B3B}
		{0CE80BA4-5480-4177-B8F3-8AA047A43211} = {1690E9E9-E5FA-488E-96CB-412E26510B3B}
		{C780701A-C44E-4299-B406-D808CFCD20F3} = {1690E9E9-E5FA-488E-96CB-412E26510B3B}
		{411B0056-F1D3-4381-8810-9BA766C50A99} = {1690E9E9-E5FA-488E-96CB-412E26510B3B}
		{DD341F55-E215-4257-9196-A23B7B187592} = {1690E9E9-E5FA-488E-96CB-412E26510B3B}
		{90FB8EA3-8A19-45FC-BDA5-F9F540559805} = {1690E9E9-E5FA-488E-96CB-412E26510B3B}
		{5D7D1150-C2F0-4E18-8DDD-13EF6E09B5D1} = {1690E9E9-E5FA-488E-96CB-412E26510B3B}
		{0388E1D6-F0A4-4421-94D6-013DBDB94E76} = {1690E9E9-E5FA-488E-96CB-412E26510B3B}
		{E9B6A554-B78F-41DC-A55E-0901CAA44C49} = {1690E9E9-E5FA-488E-96CB-412E26510B3B}
		{52A5EB47-506A-4A58-8DF0-B4DB0E6C5177} = {54FBC83B-5E6D-40DB-A3E6-C9F4A2F7590A}
		{1690E9E9-E5FA-488E-96CB-412E26510B3B} = {54FBC83B-5E6D-40DB-A3E6-C9F4A2F7590A}
		{9FE29CC8-D55A-4063-B578-4D6F52026AA4} = {54FBC83B-5E6D-40DB-A3E6-C9F4A2F7590A}
		{47C1DDF5-F1CE-4191-9D35-A44FF261C925} = {54FBC83B-5E6D-40DB-A3E6-C9F4A2F7590A}
		{94140B0E-C13D-4F5F-81B3-F9C3A43D35BE} = {54FBC83B-5E6D-40DB-A3E6-C9F4A2F7590A}
		{9257795D-911B-4732-A307-BE4CE6FB9B36} = {54FBC83B-5E6D-40DB-A3E6-C9F4A2F7590A}
		{73AC9DB1-06A8-45B4-BF6C-024302C07962} = {54FBC83B-5E6D-40DB-A3E6-C9F4A2F7590A}
		{BB24F417-3CD7-4060-AC7D-2369ADCC0A73} = {54FBC83B-5E6D-40DB-A3E6-C9F4A2F7590A}
		{52752037-3C4F-4D39-9CDE-FF66FD3304B1} = {54FBC83B-5E6D-40DB-A3E6-C9F4A2F7590A}
		{45D45C9F-0C1E-49F8-99C3-79B326DC6589} = {54FBC83B-5E6D-40DB-A3E6-C9F4A2F7590A}
		{681C9C75-ABAB-4E90-BF4F-8539DE9AAACF} = {52752037-3C4F-4D39-9CDE-FF66FD3304B1}
		{FC1EDF5B-8319-4F2D-A4FE-564D68804145} = {52752037-3C4F-4D39-9CDE-FF66FD3304B1}
		{57EDF5F3-AE55-4044-987E-905038A491B7} = {52752037-3C4F-4D39-9CDE-FF66FD3304B1}
		{2B85E2BF-FDF1-437E-8195-78E721255685} = {52752037-3C4F-4D39-9CDE-FF66FD3304B1}
		{9C9CABD6-590A-488E-A582-A4314F90D8C9} = {52752037-3C4F-4D39-9CDE-FF66FD3304B1}
		{D7724AD5-2F5A-437A-B7EF-E0DEA75D9D68} = {52752037-3C4F-4D39-9CDE-FF66FD3304B1}
		{862EB5BC-ED17-4F7A-8894-BBFCA5DAD8F5} = {52752037-3C4F-4D39-9CDE-FF66FD3304B1}
		{0AF0D738-8070-4197-BEA8-8DC23FCA5292} = {52752037-3C4F-4D39-9CDE-FF66FD3304B1}
		{ECA96E85-6EBB-43F7-8FAC-8BCC99F2F4F9} = {52752037-3C4F-4D39-9CDE-FF66FD3304B1}
		{FD62F424-EC93-4A5A-BDC7-1973C480FAAF} = {45D45C9F-0C1E-49F8-99C3-79B326DC6589}
		{FD137346-9DCC-4458-8E4C-26EAEDBE0E5A} = {45D45C9F-0C1E-49F8-99C3-79B326DC6589}
		{DA85DEF5-B3AC-4615-81B9-942ADF96CC69} = {45D45C9F-0C1E-49F8-99C3-79B326DC6589}
		{2ACC93D1-2810-429B-AC04-E52CADB0D515} = {45D45C9F-0C1E-49F8-99C3-79B326DC6589}
		{E1E0A2F4-F1D7-4F5A-9CFF-8D7AA97EDC3C} = {45D45C9F-0C1E-49F8-99C3-79B326DC6589}
		{791919D2-2F5C-4BF5-AD43-1754C40471DA} = {45D45C9F-0C1E-49F8-99C3-79B326DC6589}
		{F62B04ED-6253-46B1-B474-F741D0E1007F} = {45D45C9F-0C1E-49F8-99C3-79B326DC6589}
		{38B3409D-7671-4C7F-A38E-0291FEA58676} = {45D45C9F-0C1E-49F8-99C3-79B326DC6589}
		{A82323E0-689B-40FD-AE00-240869D5B36F} = {45D45C9F-0C1E-49F8-99C3-79B326DC6589}
		{CFE2F8F7-3CB5-4DF4-A876-4794F324E39A} = {45D45C9F-0C1E-49F8-99C3-79B326DC6589}
		{A2344C35-4686-4F48-8FB9-FDFE90851329} = {6C93FE0F-429D-4E20-811F-8921840CD442}
		{17C7BF6F-50C5-446A-80EA-821B3A1A1FE2} = {6C93FE0F-429D-4E20-811F-8921840CD442}
		{604E97EF-9AF3-4490-96E0-9870D726A26D} = {54FBC83B-5E6D-40DB-A3E6-C9F4A2F7590A}
		{9A87A7AA-C5DD-4A01-B48A-0E2A4FA30CD8} = {54FBC83B-5E6D-40DB-A3E6-C9F4A2F7590A}
		{F0EA990F-E1C1-4848-871B-02B8262979A8} = {6C93FE0F-429D-4E20-811F-8921840CD442}
		{5F14C20F-E4A9-45F9-95C8-CA23A320FCC3} = {6C93FE0F-429D-4E20-811F-8921840CD442}
		{F8A6AC84-812D-468A-9ED7-057DCA955E0B} = {54FBC83B-5E6D-40DB-A3E6-C9F4A2F7590A}
	EndGlobalSection
	GlobalSection(ExtensibilityGlobals) = postSolution
		SolutionGuid = {847AC65B-3EE3-4C7C-A045-D89C4D2A57B9}
	EndGlobalSection
EndGlobal
