
Microsoft Visual Studio Solution File, Format Version 12.00
# Visual Studio Version 17
VisualStudioVersion = 17.8.34316.72
MinimumVisualStudioVersion = 10.0.40219.1
Project("{8BC9CEB8-8B4A-11D0-8D11-00A0C91BC942}") = "CPlusPlus", "CPlusPlus\CPlusPlus.vcxproj", "{8788D439-88F4-494F-BA22-C45355177577}"
EndProject
Project("{8BC9CEB8-8B4A-11D0-8D11-00A0C91BC942}") = "00_Leak", "00_Leak\00_Leak.vcxproj", "{83E19CC9-C401-4699-BA4E-E3506D45DDB6}"
EndProject
Project("{8BC9CEB8-8B4A-11D0-8D11-00A0C91BC942}") = "02.iostream", "02.iostream\02.iostream.vcxproj", "{1C693C9D-81FC-4E64-8D3A-67C3F5E70DBF}"
EndProject
Project("{8BC9CEB8-8B4A-11D0-8D11-00A0C91BC942}") = "03.namespace", "03.namespace\03.namespace.vcxproj", "{20AF3F74-8C2B-4E09-B527-4324092FC495}"
EndProject
Project("{8BC9CEB8-8B4A-11D0-8D11-00A0C91BC942}") = "04.C&C++", "04.C&C++\04.C&C++.vcxproj", "{C018C60D-4C3A-44BD-BE08-3983F295EC20}"
EndProject
Project("{8BC9CEB8-8B4A-11D0-8D11-00A0C91BC942}") = "05_reference", "05_reference\05_reference.vcxproj", "{682BA941-A155-4304-8056-43335BFCE366}"
EndProject
Project("{8BC9CEB8-8B4A-11D0-8D11-00A0C91BC942}") = "06_reference2", "06_reference2\06_reference2.vcxproj", "{1E6E8DC9-4E13-4957-A252-A8D0F8D529C1}"
EndProject
Project("{8BC9CEB8-8B4A-11D0-8D11-00A0C91BC942}") = "07_Heap", "07_Heap\07_Heap.vcxproj", "{DCF0A4DD-0914-477C-AED1-3F1C84B19691}"
EndProject
Project("{8BC9CEB8-8B4A-11D0-8D11-00A0C91BC942}") = "08_OOP", "08_OOP\08_OOP.vcxproj", "{3418E7B8-1A41-451D-B489-E865E1087B6A}"
EndProject
Project("{8BC9CEB8-8B4A-11D0-8D11-00A0C91BC942}") = "09_Class", "09_Class\09_Class.vcxproj", "{3EDBBBF7-AF1C-407E-BC0B-8957F34980B0}"
EndProject
Project("{8BC9CEB8-8B4A-11D0-8D11-00A0C91BC942}") = "10_Constructor", "10_Constructor\10_Constructor.vcxproj", "{A8D86638-06C3-485E-AE6C-8D115AAECE2C}"
EndProject
Project("{8BC9CEB8-8B4A-11D0-8D11-00A0C91BC942}") = "11_OverLoading", "11_OverLoading\11_OverLoading.vcxproj", "{BFAC53D5-F356-4615-8266-878256E41AC5}"
EndProject
Project("{8BC9CEB8-8B4A-11D0-8D11-00A0C91BC942}") = "12_Starcraft1", "12_Starcraft1\12_Starcraft1.vcxproj", "{0D7DE6A5-2EC7-4F9B-9BFC-9F6EB17E0E9E}"
EndProject
Project("{8BC9CEB8-8B4A-11D0-8D11-00A0C91BC942}") = "13_Starcraft2", "13_Starcraft2\13_Starcraft2.vcxproj", "{0CE80BA4-5480-4177-B8F3-8AA047A43211}"
EndProject
Project("{8BC9CEB8-8B4A-11D0-8D11-00A0C91BC942}") = "14_RefObject", "14_RefObject\14_RefObject.vcxproj", "{C780701A-C44E-4299-B406-D808CFCD20F3}"
EndProject
Project("{8BC9CEB8-8B4A-11D0-8D11-00A0C91BC942}") = "15_string_1", "15_string_1\15_string_1.vcxproj", "{411B0056-F1D3-4381-8810-9BA766C50A99}"
EndProject
Project("{8BC9CEB8-8B4A-11D0-8D11-00A0C91BC942}") = "16_mutable", "16_mutable\16_mutable.vcxproj", "{DD341F55-E215-4257-9196-A23B7B187592}"
EndProject
Project("{8BC9CEB8-8B4A-11D0-8D11-00A0C91BC942}") = "17_operatorOverloading", "17_operatorOverloading\17_operatorOverloading.vcxproj", "{90FB8EA3-8A19-45FC-BDA5-F9F540559805}"
EndProject
Project("{8BC9CEB8-8B4A-11D0-8D11-00A0C91BC942}") = "18_friend", "18_friend\18_friend.vcxproj", "{5D7D1150-C2F0-4E18-8DDD-13EF6E09B5D1}"
EndProject
Project("{8BC9CEB8-8B4A-11D0-8D11-00A0C91BC942}") = "19_WrapperClass", "19_WrapperClass\19_WrapperClass.vcxproj", "{0388E1D6-F0A4-4421-94D6-013DBDB94E76}"
EndProject
Project("{8BC9CEB8-8B4A-11D0-8D11-00A0C91BC942}") = "20_operator++", "20_operator++\20_operator++.vcxproj", "{E9B6A554-B78F-41DC-A55E-0901CAA44C49}"
EndProject
Project("{2150E333-8FDC-42A3-9474-1A3956D46DE8}") = "Modu", "Modu", "{54FBC83B-5E6D-40DB-A3E6-C9F4A2F7590A}"
EndProject
Project("{2150E333-8FDC-42A3-9474-1A3956D46DE8}") = "Code 1~10", "Code 1~10", "{52A5EB47-506A-4A58-8DF0-B4DB0E6C5177}"
EndProject
Project("{2150E333-8FDC-42A3-9474-1A3956D46DE8}") = "Code 11~20", "Code 11~20", "{1690E9E9-E5FA-488E-96CB-412E26510B3B}"
EndProject
Global
	GlobalSection(SolutionConfigurationPlatforms) = preSolution
		Debug|x64 = Debug|x64
		Debug|x86 = Debug|x86
		Release|x64 = Release|x64
		Release|x86 = Release|x86
	EndGlobalSection
	GlobalSection(ProjectConfigurationPlatforms) = postSolution
		{8788D439-88F4-494F-BA22-C45355177577}.Debug|x64.ActiveCfg = Debug|x64
		{8788D439-88F4-494F-BA22-C45355177577}.Debug|x64.Build.0 = Debug|x64
		{8788D439-88F4-494F-BA22-C45355177577}.Debug|x86.ActiveCfg = Debug|Win32
		{8788D439-88F4-494F-BA22-C45355177577}.Debug|x86.Build.0 = Debug|Win32
		{8788D439-88F4-494F-BA22-C45355177577}.Release|x64.ActiveCfg = Release|x64
		{8788D439-88F4-494F-BA22-C45355177577}.Release|x64.Build.0 = Release|x64
		{8788D439-88F4-494F-BA22-C45355177577}.Release|x86.ActiveCfg = Release|Win32
		{8788D439-88F4-494F-BA22-C45355177577}.Release|x86.Build.0 = Release|Win32
		{83E19CC9-C401-4699-BA4E-E3506D45DDB6}.Debug|x64.ActiveCfg = Debug|x64
		{83E19CC9-C401-4699-BA4E-E3506D45DDB6}.Debug|x64.Build.0 = Debug|x64
		{83E19CC9-C401-4699-BA4E-E3506D45DDB6}.Debug|x86.ActiveCfg = Debug|Win32
		{83E19CC9-C401-4699-BA4E-E3506D45DDB6}.Debug|x86.Build.0 = Debug|Win32
		{83E19CC9-C401-4699-BA4E-E3506D45DDB6}.Release|x64.ActiveCfg = Release|x64
		{83E19CC9-C401-4699-BA4E-E3506D45DDB6}.Release|x64.Build.0 = Release|x64
		{83E19CC9-C401-4699-BA4E-E3506D45DDB6}.Release|x86.ActiveCfg = Release|Win32
		{83E19CC9-C401-4699-BA4E-E3506D45DDB6}.Release|x86.Build.0 = Release|Win32
		{1C693C9D-81FC-4E64-8D3A-67C3F5E70DBF}.Debug|x64.ActiveCfg = Debug|x64
		{1C693C9D-81FC-4E64-8D3A-67C3F5E70DBF}.Debug|x64.Build.0 = Debug|x64
		{1C693C9D-81FC-4E64-8D3A-67C3F5E70DBF}.Debug|x86.ActiveCfg = Debug|Win32
		{1C693C9D-81FC-4E64-8D3A-67C3F5E70DBF}.Debug|x86.Build.0 = Debug|Win32
		{1C693C9D-81FC-4E64-8D3A-67C3F5E70DBF}.Release|x64.ActiveCfg = Release|x64
		{1C693C9D-81FC-4E64-8D3A-67C3F5E70DBF}.Release|x64.Build.0 = Release|x64
		{1C693C9D-81FC-4E64-8D3A-67C3F5E70DBF}.Release|x86.ActiveCfg = Release|Win32
		{1C693C9D-81FC-4E64-8D3A-67C3F5E70DBF}.Release|x86.Build.0 = Release|Win32
		{20AF3F74-8C2B-4E09-B527-4324092FC495}.Debug|x64.ActiveCfg = Debug|x64
		{20AF3F74-8C2B-4E09-B527-4324092FC495}.Debug|x64.Build.0 = Debug|x64
		{20AF3F74-8C2B-4E09-B527-4324092FC495}.Debug|x86.ActiveCfg = Debug|Win32
		{20AF3F74-8C2B-4E09-B527-4324092FC495}.Debug|x86.Build.0 = Debug|Win32
		{20AF3F74-8C2B-4E09-B527-4324092FC495}.Release|x64.ActiveCfg = Release|x64
		{20AF3F74-8C2B-4E09-B527-4324092FC495}.Release|x64.Build.0 = Release|x64
		{20AF3F74-8C2B-4E09-B527-4324092FC495}.Release|x86.ActiveCfg = Release|Win32
		{20AF3F74-8C2B-4E09-B527-4324092FC495}.Release|x86.Build.0 = Release|Win32
		{C018C60D-4C3A-44BD-BE08-3983F295EC20}.Debug|x64.ActiveCfg = Debug|x64
		{C018C60D-4C3A-44BD-BE08-3983F295EC20}.Debug|x64.Build.0 = Debug|x64
		{C018C60D-4C3A-44BD-BE08-3983F295EC20}.Debug|x86.ActiveCfg = Debug|Win32
		{C018C60D-4C3A-44BD-BE08-3983F295EC20}.Debug|x86.Build.0 = Debug|Win32
		{C018C60D-4C3A-44BD-BE08-3983F295EC20}.Release|x64.ActiveCfg = Release|x64
		{C018C60D-4C3A-44BD-BE08-3983F295EC20}.Release|x64.Build.0 = Release|x64
		{C018C60D-4C3A-44BD-BE08-3983F295EC20}.Release|x86.ActiveCfg = Release|Win32
		{C018C60D-4C3A-44BD-BE08-3983F295EC20}.Release|x86.Build.0 = Release|Win32
		{682BA941-A155-4304-8056-43335BFCE366}.Debug|x64.ActiveCfg = Debug|x64
		{682BA941-A155-4304-8056-43335BFCE366}.Debug|x64.Build.0 = Debug|x64
		{682BA941-A155-4304-8056-43335BFCE366}.Debug|x86.ActiveCfg = Debug|Win32
		{682BA941-A155-4304-8056-43335BFCE366}.Debug|x86.Build.0 = Debug|Win32
		{682BA941-A155-4304-8056-43335BFCE366}.Release|x64.ActiveCfg = Release|x64
		{682BA941-A155-4304-8056-43335BFCE366}.Release|x64.Build.0 = Release|x64
		{682BA941-A155-4304-8056-43335BFCE366}.Release|x86.ActiveCfg = Release|Win32
		{682BA941-A155-4304-8056-43335BFCE366}.Release|x86.Build.0 = Release|Win32
		{1E6E8DC9-4E13-4957-A252-A8D0F8D529C1}.Debug|x64.ActiveCfg = Debug|x64
		{1E6E8DC9-4E13-4957-A252-A8D0F8D529C1}.Debug|x64.Build.0 = Debug|x64
		{1E6E8DC9-4E13-4957-A252-A8D0F8D529C1}.Debug|x86.ActiveCfg = Debug|Win32
		{1E6E8DC9-4E13-4957-A252-A8D0F8D529C1}.Debug|x86.Build.0 = Debug|Win32
		{1E6E8DC9-4E13-4957-A252-A8D0F8D529C1}.Release|x64.ActiveCfg = Release|x64
		{1E6E8DC9-4E13-4957-A252-A8D0F8D529C1}.Release|x64.Build.0 = Release|x64
		{1E6E8DC9-4E13-4957-A252-A8D0F8D529C1}.Release|x86.ActiveCfg = Release|Win32
		{1E6E8DC9-4E13-4957-A252-A8D0F8D529C1}.Release|x86.Build.0 = Release|Win32
		{DCF0A4DD-0914-477C-AED1-3F1C84B19691}.Debug|x64.ActiveCfg = Debug|x64
		{DCF0A4DD-0914-477C-AED1-3F1C84B19691}.Debug|x64.Build.0 = Debug|x64
		{DCF0A4DD-0914-477C-AED1-3F1C84B19691}.Debug|x86.ActiveCfg = Debug|Win32
		{DCF0A4DD-0914-477C-AED1-3F1C84B19691}.Debug|x86.Build.0 = Debug|Win32
		{DCF0A4DD-0914-477C-AED1-3F1C84B19691}.Release|x64.ActiveCfg = Release|x64
		{DCF0A4DD-0914-477C-AED1-3F1C84B19691}.Release|x64.Build.0 = Release|x64
		{DCF0A4DD-0914-477C-AED1-3F1C84B19691}.Release|x86.ActiveCfg = Release|Win32
		{DCF0A4DD-0914-477C-AED1-3F1C84B19691}.Release|x86.Build.0 = Release|Win32
		{3418E7B8-1A41-451D-B489-E865E1087B6A}.Debug|x64.ActiveCfg = Debug|x64
		{3418E7B8-1A41-451D-B489-E865E1087B6A}.Debug|x64.Build.0 = Debug|x64
		{3418E7B8-1A41-451D-B489-E865E1087B6A}.Debug|x86.ActiveCfg = Debug|Win32
		{3418E7B8-1A41-451D-B489-E865E1087B6A}.Debug|x86.Build.0 = Debug|Win32
		{3418E7B8-1A41-451D-B489-E865E1087B6A}.Release|x64.ActiveCfg = Release|x64
		{3418E7B8-1A41-451D-B489-E865E1087B6A}.Release|x64.Build.0 = Release|x64
		{3418E7B8-1A41-451D-B489-E865E1087B6A}.Release|x86.ActiveCfg = Release|Win32
		{3418E7B8-1A41-451D-B489-E865E1087B6A}.Release|x86.Build.0 = Release|Win32
		{3EDBBBF7-AF1C-407E-BC0B-8957F34980B0}.Debug|x64.ActiveCfg = Debug|x64
		{3EDBBBF7-AF1C-407E-BC0B-8957F34980B0}.Debug|x64.Build.0 = Debug|x64
		{3EDBBBF7-AF1C-407E-BC0B-8957F34980B0}.Debug|x86.ActiveCfg = Debug|Win32
		{3EDBBBF7-AF1C-407E-BC0B-8957F34980B0}.Debug|x86.Build.0 = Debug|Win32
		{3EDBBBF7-AF1C-407E-BC0B-8957F34980B0}.Release|x64.ActiveCfg = Release|x64
		{3EDBBBF7-AF1C-407E-BC0B-8957F34980B0}.Release|x64.Build.0 = Release|x64
		{3EDBBBF7-AF1C-407E-BC0B-8957F34980B0}.Release|x86.ActiveCfg = Release|Win32
		{3EDBBBF7-AF1C-407E-BC0B-8957F34980B0}.Release|x86.Build.0 = Release|Win32
		{A8D86638-06C3-485E-AE6C-8D115AAECE2C}.Debug|x64.ActiveCfg = Debug|x64
		{A8D86638-06C3-485E-AE6C-8D115AAECE2C}.Debug|x64.Build.0 = Debug|x64
		{A8D86638-06C3-485E-AE6C-8D115AAECE2C}.Debug|x86.ActiveCfg = Debug|Win32
		{A8D86638-06C3-485E-AE6C-8D115AAECE2C}.Debug|x86.Build.0 = Debug|Win32
		{A8D86638-06C3-485E-AE6C-8D115AAECE2C}.Release|x64.ActiveCfg = Release|x64
		{A8D86638-06C3-485E-AE6C-8D115AAECE2C}.Release|x64.Build.0 = Release|x64
		{A8D86638-06C3-485E-AE6C-8D115AAECE2C}.Release|x86.ActiveCfg = Release|Win32
		{A8D86638-06C3-485E-AE6C-8D115AAECE2C}.Release|x86.Build.0 = Release|Win32
		{BFAC53D5-F356-4615-8266-878256E41AC5}.Debug|x64.ActiveCfg = Debug|x64
		{BFAC53D5-F356-4615-8266-878256E41AC5}.Debug|x64.Build.0 = Debug|x64
		{BFAC53D5-F356-4615-8266-878256E41AC5}.Debug|x86.ActiveCfg = Debug|Win32
		{BFAC53D5-F356-4615-8266-878256E41AC5}.Debug|x86.Build.0 = Debug|Win32
		{BFAC53D5-F356-4615-8266-878256E41AC5}.Release|x64.ActiveCfg = Release|x64
		{BFAC53D5-F356-4615-8266-878256E41AC5}.Release|x64.Build.0 = Release|x64
		{BFAC53D5-F356-4615-8266-878256E41AC5}.Release|x86.ActiveCfg = Release|Win32
		{BFAC53D5-F356-4615-8266-878256E41AC5}.Release|x86.Build.0 = Release|Win32
		{0D7DE6A5-2EC7-4F9B-9BFC-9F6EB17E0E9E}.Debug|x64.ActiveCfg = Debug|x64
		{0D7DE6A5-2EC7-4F9B-9BFC-9F6EB17E0E9E}.Debug|x64.Build.0 = Debug|x64
		{0D7DE6A5-2EC7-4F9B-9BFC-9F6EB17E0E9E}.Debug|x86.ActiveCfg = Debug|Win32
		{0D7DE6A5-2EC7-4F9B-9BFC-9F6EB17E0E9E}.Debug|x86.Build.0 = Debug|Win32
		{0D7DE6A5-2EC7-4F9B-9BFC-9F6EB17E0E9E}.Release|x64.ActiveCfg = Release|x64
		{0D7DE6A5-2EC7-4F9B-9BFC-9F6EB17E0E9E}.Release|x64.Build.0 = Release|x64
		{0D7DE6A5-2EC7-4F9B-9BFC-9F6EB17E0E9E}.Release|x86.ActiveCfg = Release|Win32
		{0D7DE6A5-2EC7-4F9B-9BFC-9F6EB17E0E9E}.Release|x86.Build.0 = Release|Win32
		{0CE80BA4-5480-4177-B8F3-8AA047A43211}.Debug|x64.ActiveCfg = Debug|x64
		{0CE80BA4-5480-4177-B8F3-8AA047A43211}.Debug|x64.Build.0 = Debug|x64
		{0CE80BA4-5480-4177-B8F3-8AA047A43211}.Debug|x86.ActiveCfg = Debug|Win32
		{0CE80BA4-5480-4177-B8F3-8AA047A43211}.Debug|x86.Build.0 = Debug|Win32
		{0CE80BA4-5480-4177-B8F3-8AA047A43211}.Release|x64.ActiveCfg = Release|x64
		{0CE80BA4-5480-4177-B8F3-8AA047A43211}.Release|x64.Build.0 = Release|x64
		{0CE80BA4-5480-4177-B8F3-8AA047A43211}.Release|x86.ActiveCfg = Release|Win32
		{0CE80BA4-5480-4177-B8F3-8AA047A43211}.Release|x86.Build.0 = Release|Win32
		{C780701A-C44E-4299-B406-D808CFCD20F3}.Debug|x64.ActiveCfg = Debug|x64
		{C780701A-C44E-4299-B406-D808CFCD20F3}.Debug|x64.Build.0 = Debug|x64
		{C780701A-C44E-4299-B406-D808CFCD20F3}.Debug|x86.ActiveCfg = Debug|Win32
		{C780701A-C44E-4299-B406-D808CFCD20F3}.Debug|x86.Build.0 = Debug|Win32
		{C780701A-C44E-4299-B406-D808CFCD20F3}.Release|x64.ActiveCfg = Release|x64
		{C780701A-C44E-4299-B406-D808CFCD20F3}.Release|x64.Build.0 = Release|x64
		{C780701A-C44E-4299-B406-D808CFCD20F3}.Release|x86.ActiveCfg = Release|Win32
		{C780701A-C44E-4299-B406-D808CFCD20F3}.Release|x86.Build.0 = Release|Win32
		{411B0056-F1D3-4381-8810-9BA766C50A99}.Debug|x64.ActiveCfg = Debug|x64
		{411B0056-F1D3-4381-8810-9BA766C50A99}.Debug|x64.Build.0 = Debug|x64
		{411B0056-F1D3-4381-8810-9BA766C50A99}.Debug|x86.ActiveCfg = Debug|Win32
		{411B0056-F1D3-4381-8810-9BA766C50A99}.Debug|x86.Build.0 = Debug|Win32
		{411B0056-F1D3-4381-8810-9BA766C50A99}.Release|x64.ActiveCfg = Release|x64
		{411B0056-F1D3-4381-8810-9BA766C50A99}.Release|x64.Build.0 = Release|x64
		{411B0056-F1D3-4381-8810-9BA766C50A99}.Release|x86.ActiveCfg = Release|Win32
		{411B0056-F1D3-4381-8810-9BA766C50A99}.Release|x86.Build.0 = Release|Win32
		{DD341F55-E215-4257-9196-A23B7B187592}.Debug|x64.ActiveCfg = Debug|x64
		{DD341F55-E215-4257-9196-A23B7B187592}.Debug|x64.Build.0 = Debug|x64
		{DD341F55-E215-4257-9196-A23B7B187592}.Debug|x86.ActiveCfg = Debug|Win32
		{DD341F55-E215-4257-9196-A23B7B187592}.Debug|x86.Build.0 = Debug|Win32
		{DD341F55-E215-4257-9196-A23B7B187592}.Release|x64.ActiveCfg = Release|x64
		{DD341F55-E215-4257-9196-A23B7B187592}.Release|x64.Build.0 = Release|x64
		{DD341F55-E215-4257-9196-A23B7B187592}.Release|x86.ActiveCfg = Release|Win32
		{DD341F55-E215-4257-9196-A23B7B187592}.Release|x86.Build.0 = Release|Win32
		{90FB8EA3-8A19-45FC-BDA5-F9F540559805}.Debug|x64.ActiveCfg = Debug|x64
		{90FB8EA3-8A19-45FC-BDA5-F9F540559805}.Debug|x64.Build.0 = Debug|x64
		{90FB8EA3-8A19-45FC-BDA5-F9F540559805}.Debug|x86.ActiveCfg = Debug|Win32
		{90FB8EA3-8A19-45FC-BDA5-F9F540559805}.Debug|x86.Build.0 = Debug|Win32
		{90FB8EA3-8A19-45FC-BDA5-F9F540559805}.Release|x64.ActiveCfg = Release|x64
		{90FB8EA3-8A19-45FC-BDA5-F9F540559805}.Release|x64.Build.0 = Release|x64
		{90FB8EA3-8A19-45FC-BDA5-F9F540559805}.Release|x86.ActiveCfg = Release|Win32
		{90FB8EA3-8A19-45FC-BDA5-F9F540559805}.Release|x86.Build.0 = Release|Win32
		{5D7D1150-C2F0-4E18-8DDD-13EF6E09B5D1}.Debug|x64.ActiveCfg = Debug|x64
		{5D7D1150-C2F0-4E18-8DDD-13EF6E09B5D1}.Debug|x64.Build.0 = Debug|x64
		{5D7D1150-C2F0-4E18-8DDD-13EF6E09B5D1}.Debug|x86.ActiveCfg = Debug|Win32
		{5D7D1150-C2F0-4E18-8DDD-13EF6E09B5D1}.Debug|x86.Build.0 = Debug|Win32
		{5D7D1150-C2F0-4E18-8DDD-13EF6E09B5D1}.Release|x64.ActiveCfg = Release|x64
		{5D7D1150-C2F0-4E18-8DDD-13EF6E09B5D1}.Release|x64.Build.0 = Release|x64
		{5D7D1150-C2F0-4E18-8DDD-13EF6E09B5D1}.Release|x86.ActiveCfg = Release|Win32
		{5D7D1150-C2F0-4E18-8DDD-13EF6E09B5D1}.Release|x86.Build.0 = Release|Win32
		{0388E1D6-F0A4-4421-94D6-013DBDB94E76}.Debug|x64.ActiveCfg = Debug|x64
		{0388E1D6-F0A4-4421-94D6-013DBDB94E76}.Debug|x64.Build.0 = Debug|x64
		{0388E1D6-F0A4-4421-94D6-013DBDB94E76}.Debug|x86.ActiveCfg = Debug|Win32
		{0388E1D6-F0A4-4421-94D6-013DBDB94E76}.Debug|x86.Build.0 = Debug|Win32
		{0388E1D6-F0A4-4421-94D6-013DBDB94E76}.Release|x64.ActiveCfg = Release|x64
		{0388E1D6-F0A4-4421-94D6-013DBDB94E76}.Release|x64.Build.0 = Release|x64
		{0388E1D6-F0A4-4421-94D6-013DBDB94E76}.Release|x86.ActiveCfg = Release|Win32
		{0388E1D6-F0A4-4421-94D6-013DBDB94E76}.Release|x86.Build.0 = Release|Win32
		{E9B6A554-B78F-41DC-A55E-0901CAA44C49}.Debug|x64.ActiveCfg = Debug|x64
		{E9B6A554-B78F-41DC-A55E-0901CAA44C49}.Debug|x64.Build.0 = Debug|x64
		{E9B6A554-B78F-41DC-A55E-0901CAA44C49}.Debug|x86.ActiveCfg = Debug|Win32
		{E9B6A554-B78F-41DC-A55E-0901CAA44C49}.Debug|x86.Build.0 = Debug|Win32
		{E9B6A554-B78F-41DC-A55E-0901CAA44C49}.Release|x64.ActiveCfg = Release|x64
		{E9B6A554-B78F-41DC-A55E-0901CAA44C49}.Release|x64.Build.0 = Release|x64
		{E9B6A554-B78F-41DC-A55E-0901CAA44C49}.Release|x86.ActiveCfg = Release|Win32
		{E9B6A554-B78F-41DC-A55E-0901CAA44C49}.Release|x86.Build.0 = Release|Win32
	EndGlobalSection
	GlobalSection(SolutionProperties) = preSolution
		HideSolutionNode = FALSE
	EndGlobalSection
	GlobalSection(NestedProjects) = preSolution
		{83E19CC9-C401-4699-BA4E-E3506D45DDB6} = {54FBC83B-5E6D-40DB-A3E6-C9F4A2F7590A}
		{1C693C9D-81FC-4E64-8D3A-67C3F5E70DBF} = {52A5EB47-506A-4A58-8DF0-B4DB0E6C5177}
		{20AF3F74-8C2B-4E09-B527-4324092FC495} = {52A5EB47-506A-4A58-8DF0-B4DB0E6C5177}
		{C018C60D-4C3A-44BD-BE08-3983F295EC20} = {52A5EB47-506A-4A58-8DF0-B4DB0E6C5177}
		{682BA941-A155-4304-8056-43335BFCE366} = {52A5EB47-506A-4A58-8DF0-B4DB0E6C5177}
		{1E6E8DC9-4E13-4957-A252-A8D0F8D529C1} = {52A5EB47-506A-4A58-8DF0-B4DB0E6C5177}
		{DCF0A4DD-0914-477C-AED1-3F1C84B19691} = {52A5EB47-506A-4A58-8DF0-B4DB0E6C5177}
		{3418E7B8-1A41-451D-B489-E865E1087B6A} = {52A5EB47-506A-4A58-8DF0-B4DB0E6C5177}
		{3EDBBBF7-AF1C-407E-BC0B-8957F34980B0} = {52A5EB47-506A-4A58-8DF0-B4DB0E6C5177}
		{A8D86638-06C3-485E-AE6C-8D115AAECE2C} = {52A5EB47-506A-4A58-8DF0-B4DB0E6C5177}
		{BFAC53D5-F356-4615-8266-878256E41AC5} = {1690E9E9-E5FA-488E-96CB-412E26510B3B}
		{0D7DE6A5-2EC7-4F9B-9BFC-9F6EB17E0E9E} = {1690E9E9-E5FA-488E-96CB-412E26510B3B}
		{0CE80BA4-5480-4177-B8F3-8AA047A43211} = {1690E9E9-E5FA-488E-96CB-412E26510B3B}
		{C780701A-C44E-4299-B406-D808CFCD20F3} = {1690E9E9-E5FA-488E-96CB-412E26510B3B}
		{411B0056-F1D3-4381-8810-9BA766C50A99} = {1690E9E9-E5FA-488E-96CB-412E26510B3B}
		{DD341F55-E215-4257-9196-A23B7B187592} = {1690E9E9-E5FA-488E-96CB-412E26510B3B}
		{90FB8EA3-8A19-45FC-BDA5-F9F540559805} = {1690E9E9-E5FA-488E-96CB-412E26510B3B}
		{5D7D1150-C2F0-4E18-8DDD-13EF6E09B5D1} = {1690E9E9-E5FA-488E-96CB-412E26510B3B}
		{0388E1D6-F0A4-4421-94D6-013DBDB94E76} = {1690E9E9-E5FA-488E-96CB-412E26510B3B}
		{E9B6A554-B78F-41DC-A55E-0901CAA44C49} = {1690E9E9-E5FA-488E-96CB-412E26510B3B}
		{52A5EB47-506A-4A58-8DF0-B4DB0E6C5177} = {54FBC83B-5E6D-40DB-A3E6-C9F4A2F7590A}
		{1690E9E9-E5FA-488E-96CB-412E26510B3B} = {54FBC83B-5E6D-40DB-A3E6-C9F4A2F7590A}
	EndGlobalSection
	GlobalSection(ExtensibilityGlobals) = postSolution
		SolutionGuid = {847AC65B-3EE3-4C7C-A045-D89C4D2A57B9}
	EndGlobalSection
EndGlobal
